{
  "version": 4,
  "terraform_version": "1.5.7",
  "serial": 63,
  "lineage": "85f958d7-ad89-a237-1af1-c77705749437",
  "outputs": {},
  "resources": [
    {
      "mode": "managed",
      "type": "aws_athena_workgroup",
      "name": "main",
      "provider": "provider[\"registry.terraform.io/hashicorp/aws\"]",
      "instances": [
        {
          "schema_version": 0,
          "attributes": {
            "arn": "arn:aws:athena:us-east-1:841162683310:workgroup/demo_lakehouse_workgroup",
            "configuration": [
              {
                "bytes_scanned_cutoff_per_query": 1073741824,
                "enforce_workgroup_configuration": true,
                "engine_version": [
                  {
                    "effective_engine_version": "Athena engine version 3",
                    "selected_engine_version": "AUTO"
                  }
                ],
                "execution_role": "",
                "publish_cloudwatch_metrics_enabled": true,
                "requester_pays_enabled": false,
                "result_configuration": [
                  {
                    "acl_configuration": [],
                    "encryption_configuration": [],
                    "expected_bucket_owner": "",
                    "output_location": "s3://demo-lakehouse-processed-zone/athena-output/"
                  }
                ]
              }
            ],
            "description": "",
            "force_destroy": false,
            "id": "demo_lakehouse_workgroup",
            "name": "demo_lakehouse_workgroup",
            "state": "ENABLED",
            "tags": {},
            "tags_all": {}
          },
          "sensitive_attributes": [],
          "private": "bnVsbA==",
          "dependencies": [
            "aws_s3_bucket.processed_zone"
          ]
        }
      ]
    },
    {
      "mode": "managed",
      "type": "aws_budgets_budget",
      "name": "monthly",
      "provider": "provider[\"registry.terraform.io/hashicorp/aws\"]",
      "instances": [
        {
          "schema_version": 0,
          "attributes": {
            "account_id": "841162683310",
            "arn": "arn:aws:budgets::841162683310:budget/lakehouse-monthly-budget",
            "auto_adjust_data": [],
            "budget_type": "COST",
            "cost_filter": [],
            "cost_types": [
              {
                "include_credit": true,
                "include_discount": true,
                "include_other_subscription": true,
                "include_recurring": true,
                "include_refund": true,
                "include_subscription": true,
                "include_support": true,
                "include_tax": true,
                "include_upfront": true,
                "use_amortized": false,
                "use_blended": false
              }
            ],
            "id": "841162683310:lakehouse-monthly-budget",
            "limit_amount": "500.0",
            "limit_unit": "USD",
            "name": "lakehouse-monthly-budget",
            "name_prefix": "",
            "notification": [
              {
                "comparison_operator": "GREATER_THAN",
                "notification_type": "ACTUAL",
                "subscriber_email_addresses": [],
                "subscriber_sns_topic_arns": [
                  "arn:aws:sns:us-east-1:841162683310:lakehouse-cost-alerts"
                ],
                "threshold": 80,
                "threshold_type": "PERCENTAGE"
              }
            ],
            "planned_limit": [],
            "tags": {},
            "tags_all": {},
            "time_period_end": "2087-06-15_00:00",
            "time_period_start": "2024-01-01_00:00",
            "time_unit": "MONTHLY"
          },
          "sensitive_attributes": [],
          "private": "bnVsbA==",
          "dependencies": [
            "aws_sns_topic.cost_alerts"
          ]
        }
      ]
    },
    {
      "mode": "managed",
      "type": "aws_cloudwatch_dashboard",
      "name": "main",
      "provider": "provider[\"registry.terraform.io/hashicorp/aws\"]",
      "instances": [
        {
          "schema_version": 0,
          "attributes": {
            "dashboard_arn": "arn:aws:cloudwatch::841162683310:dashboard/lakehouse-cost-monitoring",
            "dashboard_body": "{\"widgets\":[{\"height\":6,\"properties\":{\"metrics\":[[\"AWS/Redshift\",\"CPUUtilization\",\"ClusterIdentifier\",\"demo-lakehouse\"],[\"AWS/Athena\",\"TotalExecutionTime\",\"WorkGroup\",\"demo_lakehouse_workgroup\"]],\"period\":300,\"region\":\"us-east-1\",\"stat\":\"Average\",\"title\":\"Compute Usage\"},\"type\":\"metric\",\"width\":12,\"x\":0,\"y\":0}]}",
            "dashboard_name": "lakehouse-cost-monitoring",
            "id": "lakehouse-cost-monitoring"
          },
          "sensitive_attributes": [],
          "private": "bnVsbA==",
          "dependencies": [
            "aws_athena_workgroup.main",
            "aws_redshift_cluster.demo",
            "aws_s3_bucket.processed_zone"
          ]
        }
      ]
    },
    {
      "mode": "managed",
      "type": "aws_cloudwatch_metric_alarm",
      "name": "redshift_usage",
      "provider": "provider[\"registry.terraform.io/hashicorp/aws\"]",
      "instances": [
        {
          "schema_version": 1,
          "attributes": {
            "actions_enabled": true,
            "alarm_actions": [
              "arn:aws:sns:us-east-1:841162683310:lakehouse-cost-alerts"
            ],
            "alarm_description": "This metric monitors Redshift CPU usage",
            "alarm_name": "redshift-high-usage",
            "arn": "arn:aws:cloudwatch:us-east-1:841162683310:alarm:redshift-high-usage",
            "comparison_operator": "GreaterThanThreshold",
            "datapoints_to_alarm": 0,
            "dimensions": {
              "ClusterIdentifier": "demo-lakehouse"
            },
            "evaluate_low_sample_count_percentiles": "",
            "evaluation_periods": 1,
            "extended_statistic": "",
            "id": "redshift-high-usage",
            "insufficient_data_actions": [],
            "metric_name": "CPUUtilization",
            "metric_query": [],
            "namespace": "AWS/Redshift",
            "ok_actions": [],
            "period": 300,
            "statistic": "Average",
            "tags": {},
            "tags_all": {},
            "threshold": 75,
            "threshold_metric_id": "",
            "treat_missing_data": "missing",
            "unit": ""
          },
          "sensitive_attributes": [],
          "private": "eyJzY2hlbWFfdmVyc2lvbiI6IjEifQ==",
          "dependencies": [
            "aws_redshift_cluster.demo",
            "aws_sns_topic.cost_alerts"
          ]
        }
      ]
    },
    {
      "mode": "managed",
      "type": "aws_glue_catalog_database",
      "name": "raw",
      "provider": "provider[\"registry.terraform.io/hashicorp/aws\"]",
      "instances": [
        {
          "schema_version": 0,
          "attributes": {
            "arn": "arn:aws:glue:us-east-1:841162683310:database/nyc_taxi_raw",
            "catalog_id": "841162683310",
            "create_table_default_permission": [
              {
                "permissions": [
                  "ALL"
                ],
                "principal": [
                  {
                    "data_lake_principal_identifier": "IAM_ALLOWED_PRINCIPALS"
                  }
                ]
              }
            ],
            "description": "",
            "federated_database": [],
            "id": "841162683310:nyc_taxi_raw",
            "location_uri": "",
            "name": "nyc_taxi_raw",
            "parameters": {},
            "tags": {},
            "tags_all": {},
            "target_database": []
          },
          "sensitive_attributes": [],
          "private": "bnVsbA=="
        }
      ]
    },
    {
      "mode": "managed",
      "type": "aws_glue_crawler",
      "name": "raw_zone_crawler",
      "provider": "provider[\"registry.terraform.io/hashicorp/aws\"]",
      "instances": [
        {
          "schema_version": 0,
          "attributes": {
            "arn": "arn:aws:glue:us-east-1:841162683310:crawler/raw-zone-crawler",
            "catalog_target": [],
            "classifiers": [],
            "configuration": "{\"Version\":1.0,\"Grouping\":{\"TableGroupingPolicy\":\"CombineCompatibleSchemas\"}}",
            "database_name": "nyc_taxi_raw",
            "delta_target": [],
            "description": "",
            "dynamodb_target": [],
            "hudi_target": [],
            "iceberg_target": [],
            "id": "raw-zone-crawler",
            "jdbc_target": [],
            "lake_formation_configuration": [
              {
                "account_id": "",
                "use_lake_formation_credentials": false
              }
            ],
            "lineage_configuration": [
              {
                "crawler_lineage_settings": "DISABLE"
              }
            ],
            "mongodb_target": [],
            "name": "raw-zone-crawler",
            "recrawl_policy": [
              {
                "recrawl_behavior": "CRAWL_EVERYTHING"
              }
            ],
            "role": "GlueCrawlerRole",
            "s3_target": [
              {
                "connection_name": "",
                "dlq_event_queue_arn": "",
                "event_queue_arn": "",
                "exclusions": [],
                "path": "s3://demo-lakehouse-raw-zone/nyc-taxi/",
                "sample_size": 0
              }
            ],
            "schedule": "cron(0 */12 * * ? *)",
            "schema_change_policy": [
              {
                "delete_behavior": "LOG",
                "update_behavior": "UPDATE_IN_DATABASE"
              }
            ],
            "security_configuration": "",
            "table_prefix": "",
            "tags": {},
            "tags_all": {}
          },
          "sensitive_attributes": [],
          "private": "bnVsbA==",
          "dependencies": [
            "aws_glue_catalog_database.raw",
            "aws_iam_role.glue_role",
            "aws_s3_bucket.raw_zone"
          ]
        }
      ]
    },
    {
      "mode": "managed",
      "type": "aws_iam_role",
      "name": "glue_role",
      "provider": "provider[\"registry.terraform.io/hashicorp/aws\"]",
      "instances": [
        {
          "schema_version": 0,
          "attributes": {
            "arn": "arn:aws:iam::841162683310:role/GlueCrawlerRole",
            "assume_role_policy": "{\"Statement\":[{\"Action\":\"sts:AssumeRole\",\"Effect\":\"Allow\",\"Principal\":{\"Service\":\"glue.amazonaws.com\"}}],\"Version\":\"2012-10-17\"}",
            "create_date": "2024-12-16T15:40:35Z",
            "description": "",
            "force_detach_policies": false,
            "id": "GlueCrawlerRole",
            "inline_policy": [
              {
                "name": "GlueS3Policy",
                "policy": "{\"Version\":\"2012-10-17\",\"Statement\":[{\"Action\":[\"s3:GetObject\",\"s3:PutObject\",\"s3:DeleteObject\",\"s3:ListBucket\"],\"Effect\":\"Allow\",\"Resource\":[\"arn:aws:s3:::demo-lakehouse-raw-zone\",\"arn:aws:s3:::demo-lakehouse-raw-zone/*\",\"arn:aws:s3:::demo-lakehouse-processed-zone\",\"arn:aws:s3:::demo-lakehouse-processed-zone/*\",\"arn:aws:s3:::demo-lakehouse-curated-zone\",\"arn:aws:s3:::demo-lakehouse-curated-zone/*\"]}]}"
              }
            ],
            "managed_policy_arns": [
              "arn:aws:iam::aws:policy/service-role/AWSGlueServiceRole"
            ],
            "max_session_duration": 3600,
            "name": "GlueCrawlerRole",
            "name_prefix": "",
            "path": "/",
            "permissions_boundary": "",
            "tags": {},
            "tags_all": {},
            "unique_id": "AROA4HWJT6OXPLL6C72WJ"
          },
          "sensitive_attributes": [],
          "private": "bnVsbA=="
        }
      ]
    },
    {
      "mode": "managed",
      "type": "aws_iam_role",
      "name": "redshift_role",
      "provider": "provider[\"registry.terraform.io/hashicorp/aws\"]",
      "instances": [
        {
          "schema_version": 0,
          "attributes": {
            "arn": "arn:aws:iam::841162683310:role/RedshiftLoadRole",
            "assume_role_policy": "{\"Statement\":[{\"Action\":\"sts:AssumeRole\",\"Effect\":\"Allow\",\"Principal\":{\"Service\":\"redshift.amazonaws.com\"}}],\"Version\":\"2012-10-17\"}",
            "create_date": "2024-12-16T16:26:07Z",
            "description": "",
            "force_detach_policies": false,
            "id": "RedshiftLoadRole",
            "inline_policy": [],
            "managed_policy_arns": [
              "arn:aws:iam::aws:policy/AmazonS3ReadOnlyAccess",
              "arn:aws:iam::aws:policy/service-role/AWSGlueServiceRole"
            ],
            "max_session_duration": 3600,
            "name": "RedshiftLoadRole",
            "name_prefix": "",
            "path": "/",
            "permissions_boundary": "",
            "tags": {},
            "tags_all": {},
            "unique_id": "AROA4HWJT6OXECJRSICNS"
          },
          "sensitive_attributes": [],
          "private": "bnVsbA=="
        }
      ]
    },
    {
      "mode": "managed",
      "type": "aws_iam_role_policy",
      "name": "glue_s3_policy",
      "provider": "provider[\"registry.terraform.io/hashicorp/aws\"]",
      "instances": [
        {
          "schema_version": 0,
          "attributes": {
            "id": "GlueCrawlerRole:GlueS3Policy",
            "name": "GlueS3Policy",
            "name_prefix": "",
            "policy": "{\"Version\":\"2012-10-17\",\"Statement\":[{\"Action\":[\"s3:GetObject\",\"s3:PutObject\",\"s3:DeleteObject\",\"s3:ListBucket\"],\"Effect\":\"Allow\",\"Resource\":[\"arn:aws:s3:::demo-lakehouse-raw-zone\",\"arn:aws:s3:::demo-lakehouse-raw-zone/*\",\"arn:aws:s3:::demo-lakehouse-processed-zone\",\"arn:aws:s3:::demo-lakehouse-processed-zone/*\",\"arn:aws:s3:::demo-lakehouse-curated-zone\",\"arn:aws:s3:::demo-lakehouse-curated-zone/*\"]}]}",
            "role": "GlueCrawlerRole"
          },
          "sensitive_attributes": [],
          "private": "bnVsbA==",
          "dependencies": [
            "aws_iam_role.glue_role",
            "aws_s3_bucket.curated_zone",
            "aws_s3_bucket.processed_zone",
            "aws_s3_bucket.raw_zone"
          ]
        }
      ]
    },
    {
      "mode": "managed",
      "type": "aws_iam_role_policy",
      "name": "redshift_spectrum",
      "provider": "provider[\"registry.terraform.io/hashicorp/aws\"]",
      "instances": [
        {
          "schema_version": 0,
          "attributes": {
            "id": "RedshiftLoadRole:RedshiftSpectrumPolicy",
            "name": "RedshiftSpectrumPolicy",
            "name_prefix": "",
            "policy": "{\"Version\":\"2012-10-17\",\"Statement\":[{\"Action\":[\"glue:CreateDatabase\",\"glue:DeleteDatabase\",\"glue:GetDatabase\",\"glue:GetDatabases\",\"glue:UpdateDatabase\",\"glue:CreateTable\",\"glue:DeleteTable\",\"glue:GetTable\",\"glue:GetTables\",\"glue:UpdateTable\",\"glue:GetPartitions\"],\"Effect\":\"Allow\",\"Resource\":[\"*\"]},{\"Action\":[\"s3:GetBucketLocation\",\"s3:GetObject\",\"s3:ListBucket\",\"s3:ListBucketMultipartUploads\",\"s3:ListMultipartUploadParts\",\"s3:AbortMultipartUpload\",\"s3:PutObject\"],\"Effect\":\"Allow\",\"Resource\":[\"arn:aws:s3:::demo-lakehouse-*\",\"arn:aws:s3:::demo-lakehouse-*/*\"]}]}",
            "role": "RedshiftLoadRole"
          },
          "sensitive_attributes": [],
          "private": "bnVsbA==",
          "dependencies": [
            "aws_iam_role.redshift_role"
          ]
        }
      ]
    },
    {
      "mode": "managed",
      "type": "aws_iam_role_policy_attachment",
      "name": "glue_service",
      "provider": "provider[\"registry.terraform.io/hashicorp/aws\"]",
      "instances": [
        {
          "schema_version": 0,
          "attributes": {
            "id": "GlueCrawlerRole-20241216154035781000000001",
            "policy_arn": "arn:aws:iam::aws:policy/service-role/AWSGlueServiceRole",
            "role": "GlueCrawlerRole"
          },
          "sensitive_attributes": [],
          "private": "bnVsbA==",
          "dependencies": [
            "aws_iam_role.glue_role"
          ]
        }
      ]
    },
    {
      "mode": "managed",
      "type": "aws_iam_role_policy_attachment",
      "name": "redshift_glue",
      "provider": "provider[\"registry.terraform.io/hashicorp/aws\"]",
      "instances": [
        {
          "schema_version": 0,
          "attributes": {
            "id": "RedshiftLoadRole-20241216162607798800000002",
            "policy_arn": "arn:aws:iam::aws:policy/service-role/AWSGlueServiceRole",
            "role": "RedshiftLoadRole"
          },
          "sensitive_attributes": [],
          "private": "bnVsbA==",
          "dependencies": [
            "aws_iam_role.redshift_role"
          ]
        }
      ]
    },
    {
      "mode": "managed",
      "type": "aws_iam_role_policy_attachment",
      "name": "redshift_s3",
      "provider": "provider[\"registry.terraform.io/hashicorp/aws\"]",
      "instances": [
        {
          "schema_version": 0,
          "attributes": {
            "id": "RedshiftLoadRole-20241216162607724500000001",
            "policy_arn": "arn:aws:iam::aws:policy/AmazonS3ReadOnlyAccess",
            "role": "RedshiftLoadRole"
          },
          "sensitive_attributes": [],
          "private": "bnVsbA==",
          "dependencies": [
            "aws_iam_role.redshift_role"
          ]
        }
      ]
    },
    {
      "mode": "managed",
      "type": "aws_redshift_cluster",
      "name": "demo",
      "provider": "provider[\"registry.terraform.io/hashicorp/aws\"]",
      "instances": [
        {
          "schema_version": 0,
          "attributes": {
            "allow_version_upgrade": true,
            "apply_immediately": false,
            "aqua_configuration_status": "auto",
            "arn": "arn:aws:redshift:us-east-1:841162683310:cluster:demo-lakehouse",
            "automated_snapshot_retention_period": 7,
            "availability_zone": "us-east-1a",
            "availability_zone_relocation_enabled": false,
            "cluster_identifier": "demo-lakehouse",
            "cluster_namespace_arn": "arn:aws:redshift:us-east-1:841162683310:namespace:dd832060-6ec7-400a-a761-44370b167306",
            "cluster_nodes": [
              {
                "node_role": "SHARED",
                "private_ip_address": "172.31.91.183",
                "public_ip_address": "98.85.155.46"
              }
            ],
            "cluster_parameter_group_name": "default.redshift-1.0",
            "cluster_public_key": "ssh-rsa AAAAB3NzaC1yc2EAAAADAQABAAABAQCoXTO9WVZPkZud2MLyiuOs1CaZe3SGJGqNSJPzb2wUBl9X/QL194lSoQjBFbvnfWAonei/KWYdLexCEx6z4z9UDMc65hwYmh1Xjw8S99Pwlh3sbH2VvXdNhPbmTFqeXHDHlJLOiy1SzTEbj8/qMgj0yGuQonEK0TJhbQSSl7iCOryDSYe9mHTy7i5QYLutnYIaLKBOXYT6a9Qn9SXWErvSEYXmkMLRo0Jnma+O1I2eXF/R9trKfX1tTtqirrjH5Dzw61k59vIy3adMZJyrMOZ5khQzxcQnxzygxPoairRgAenKHLN4Dv6gdMZloyoYG5Nv+WhpSBWreJT7y/gExmdN Amazon-Redshift\n",
            "cluster_revision_number": "80491",
            "cluster_subnet_group_name": "default",
            "cluster_type": "single-node",
            "cluster_version": "1.0",
            "database_name": "dev",
            "default_iam_role_arn": "",
            "dns_name": "demo-lakehouse.ccbl7fys7mfe.us-east-1.redshift.amazonaws.com",
            "elastic_ip": null,
            "encrypted": false,
            "endpoint": "demo-lakehouse.ccbl7fys7mfe.us-east-1.redshift.amazonaws.com:5439",
            "enhanced_vpc_routing": false,
            "final_snapshot_identifier": null,
            "iam_roles": [],
            "id": "demo-lakehouse",
            "kms_key_id": "",
            "logging": [
              {
                "bucket_name": "",
                "enable": false,
                "log_destination_type": "",
                "log_exports": [],
                "s3_key_prefix": ""
              }
            ],
            "maintenance_track_name": "current",
            "manage_master_password": null,
            "manual_snapshot_retention_period": -1,
            "master_password": "Change-me!123",
            "master_password_secret_arn": "",
            "master_password_secret_kms_key_id": "",
            "master_username": "admin",
            "multi_az": false,
            "node_type": "dc2.large",
            "number_of_nodes": 1,
            "owner_account": null,
            "port": 5439,
            "preferred_maintenance_window": "sun:04:00-sun:05:00",
            "publicly_accessible": true,
            "skip_final_snapshot": true,
            "snapshot_arn": null,
            "snapshot_cluster_identifier": null,
            "snapshot_copy": [],
            "snapshot_identifier": null,
            "tags": {
              "Environment": "dev",
              "Project": "DataLakeHouse_Demo"
            },
            "tags_all": {
              "Environment": "dev",
              "Project": "DataLakeHouse_Demo"
            },
            "timeouts": null,
            "vpc_security_group_ids": [
              "sg-0e03d26a62fd5214b"
            ]
          },
          "sensitive_attributes": [],
          "private": "eyJlMmJmYjczMC1lY2FhLTExZTYtOGY4OC0zNDM2M2JjN2M0YzAiOnsiY3JlYXRlIjo0NTAwMDAwMDAwMDAwLCJkZWxldGUiOjI0MDAwMDAwMDAwMDAsInVwZGF0ZSI6NDUwMDAwMDAwMDAwMH19"
        }
      ]
    },
    {
      "mode": "managed",
      "type": "aws_s3_bucket",
      "name": "curated_zone",
      "provider": "provider[\"registry.terraform.io/hashicorp/aws\"]",
      "instances": [
        {
          "schema_version": 0,
          "attributes": {
            "acceleration_status": "",
            "acl": null,
            "arn": "arn:aws:s3:::demo-lakehouse-curated-zone",
            "bucket": "demo-lakehouse-curated-zone",
            "bucket_domain_name": "demo-lakehouse-curated-zone.s3.amazonaws.com",
            "bucket_prefix": "",
            "bucket_regional_domain_name": "demo-lakehouse-curated-zone.s3.us-east-1.amazonaws.com",
            "cors_rule": [],
            "force_destroy": false,
            "grant": [
              {
                "id": "596427a2dfcb97c0affc41d6c73ebbea247e687310be6aa746ab0296f62aec3b",
                "permissions": [
                  "FULL_CONTROL"
                ],
                "type": "CanonicalUser",
                "uri": ""
              }
            ],
            "hosted_zone_id": "Z3AQBSTGFYJSTF",
            "id": "demo-lakehouse-curated-zone",
            "lifecycle_rule": [],
            "logging": [],
            "object_lock_configuration": [],
            "object_lock_enabled": false,
            "policy": "",
            "region": "us-east-1",
            "replication_configuration": [],
            "request_payer": "BucketOwner",
            "server_side_encryption_configuration": [
              {
                "rule": [
                  {
                    "apply_server_side_encryption_by_default": [
                      {
                        "kms_master_key_id": "",
                        "sse_algorithm": "AES256"
                      }
                    ],
                    "bucket_key_enabled": false
                  }
                ]
              }
            ],
            "tags": {},
            "tags_all": {},
            "timeouts": null,
            "versioning": [
              {
                "enabled": false,
                "mfa_delete": false
              }
            ],
            "website": [],
            "website_domain": null,
            "website_endpoint": null
          },
          "sensitive_attributes": [],
          "private": "eyJlMmJmYjczMC1lY2FhLTExZTYtOGY4OC0zNDM2M2JjN2M0YzAiOnsiY3JlYXRlIjoxMjAwMDAwMDAwMDAwLCJkZWxldGUiOjM2MDAwMDAwMDAwMDAsInJlYWQiOjEyMDAwMDAwMDAwMDAsInVwZGF0ZSI6MTIwMDAwMDAwMDAwMH19"
        }
      ]
    },
    {
      "mode": "managed",
      "type": "aws_s3_bucket",
      "name": "processed_zone",
      "provider": "provider[\"registry.terraform.io/hashicorp/aws\"]",
      "instances": [
        {
          "schema_version": 0,
          "attributes": {
            "acceleration_status": "",
            "acl": null,
            "arn": "arn:aws:s3:::demo-lakehouse-processed-zone",
            "bucket": "demo-lakehouse-processed-zone",
            "bucket_domain_name": "demo-lakehouse-processed-zone.s3.amazonaws.com",
            "bucket_prefix": "",
            "bucket_regional_domain_name": "demo-lakehouse-processed-zone.s3.us-east-1.amazonaws.com",
            "cors_rule": [],
            "force_destroy": false,
            "grant": [
              {
                "id": "596427a2dfcb97c0affc41d6c73ebbea247e687310be6aa746ab0296f62aec3b",
                "permissions": [
                  "FULL_CONTROL"
                ],
                "type": "CanonicalUser",
                "uri": ""
              }
            ],
            "hosted_zone_id": "Z3AQBSTGFYJSTF",
            "id": "demo-lakehouse-processed-zone",
            "lifecycle_rule": [
              {
                "abort_incomplete_multipart_upload_days": 0,
                "enabled": true,
                "expiration": [],
                "id": "archive_old_data",
                "noncurrent_version_expiration": [],
                "noncurrent_version_transition": [],
                "prefix": "",
                "tags": {},
                "transition": [
                  {
                    "date": "",
                    "days": 60,
                    "storage_class": "INTELLIGENT_TIERING"
                  }
                ]
              }
            ],
            "logging": [],
            "object_lock_configuration": [],
            "object_lock_enabled": false,
            "policy": "",
            "region": "us-east-1",
            "replication_configuration": [],
            "request_payer": "BucketOwner",
            "server_side_encryption_configuration": [
              {
                "rule": [
                  {
                    "apply_server_side_encryption_by_default": [
                      {
                        "kms_master_key_id": "",
                        "sse_algorithm": "AES256"
                      }
                    ],
                    "bucket_key_enabled": false
                  }
                ]
              }
            ],
            "tags": {},
            "tags_all": {},
            "timeouts": null,
            "versioning": [
              {
                "enabled": false,
                "mfa_delete": false
              }
            ],
            "website": [],
            "website_domain": null,
            "website_endpoint": null
          },
          "sensitive_attributes": [],
          "private": "eyJlMmJmYjczMC1lY2FhLTExZTYtOGY4OC0zNDM2M2JjN2M0YzAiOnsiY3JlYXRlIjoxMjAwMDAwMDAwMDAwLCJkZWxldGUiOjM2MDAwMDAwMDAwMDAsInJlYWQiOjEyMDAwMDAwMDAwMDAsInVwZGF0ZSI6MTIwMDAwMDAwMDAwMH19"
        }
      ]
    },
    {
      "mode": "managed",
      "type": "aws_s3_bucket",
      "name": "raw_zone",
      "provider": "provider[\"registry.terraform.io/hashicorp/aws\"]",
      "instances": [
        {
          "schema_version": 0,
          "attributes": {
            "acceleration_status": "",
            "acl": null,
            "arn": "arn:aws:s3:::demo-lakehouse-raw-zone",
            "bucket": "demo-lakehouse-raw-zone",
            "bucket_domain_name": "demo-lakehouse-raw-zone.s3.amazonaws.com",
            "bucket_prefix": "",
            "bucket_regional_domain_name": "demo-lakehouse-raw-zone.s3.us-east-1.amazonaws.com",
            "cors_rule": [],
            "force_destroy": false,
            "grant": [
              {
                "id": "596427a2dfcb97c0affc41d6c73ebbea247e687310be6aa746ab0296f62aec3b",
                "permissions": [
                  "FULL_CONTROL"
                ],
                "type": "CanonicalUser",
                "uri": ""
              }
            ],
            "hosted_zone_id": "Z3AQBSTGFYJSTF",
            "id": "demo-lakehouse-raw-zone",
            "lifecycle_rule": [
              {
                "abort_incomplete_multipart_upload_days": 0,
                "enabled": true,
                "expiration": [
                  {
                    "date": "",
                    "days": 90,
                    "expired_object_delete_marker": false
                  }
                ],
                "id": "cleanup_old_data",
                "noncurrent_version_expiration": [],
                "noncurrent_version_transition": [],
                "prefix": "",
                "tags": {},
                "transition": [
                  {
                    "date": "",
                    "days": 30,
                    "storage_class": "INTELLIGENT_TIERING"
                  }
                ]
              }
            ],
            "logging": [],
            "object_lock_configuration": [],
            "object_lock_enabled": false,
            "policy": "",
            "region": "us-east-1",
            "replication_configuration": [],
            "request_payer": "BucketOwner",
            "server_side_encryption_configuration": [
              {
                "rule": [
                  {
                    "apply_server_side_encryption_by_default": [
                      {
                        "kms_master_key_id": "",
                        "sse_algorithm": "AES256"
                      }
                    ],
                    "bucket_key_enabled": false
                  }
                ]
              }
            ],
            "tags": {},
            "tags_all": {},
            "timeouts": null,
            "versioning": [
              {
                "enabled": true,
                "mfa_delete": false
              }
            ],
            "website": [],
            "website_domain": null,
            "website_endpoint": null
          },
          "sensitive_attributes": [],
          "private": "eyJlMmJmYjczMC1lY2FhLTExZTYtOGY4OC0zNDM2M2JjN2M0YzAiOnsiY3JlYXRlIjoxMjAwMDAwMDAwMDAwLCJkZWxldGUiOjM2MDAwMDAwMDAwMDAsInJlYWQiOjEyMDAwMDAwMDAwMDAsInVwZGF0ZSI6MTIwMDAwMDAwMDAwMH19"
        }
      ]
    },
    {
      "mode": "managed",
      "type": "aws_s3_bucket_lifecycle_configuration",
      "name": "processed_lifecycle",
      "provider": "provider[\"registry.terraform.io/hashicorp/aws\"]",
      "instances": [
        {
          "schema_version": 0,
          "attributes": {
            "bucket": "demo-lakehouse-processed-zone",
            "expected_bucket_owner": "",
            "id": "demo-lakehouse-processed-zone",
            "rule": [
              {
                "abort_incomplete_multipart_upload": [],
                "expiration": [],
                "filter": [
                  {
                    "and": [],
                    "object_size_greater_than": "",
                    "object_size_less_than": "",
                    "prefix": "",
                    "tag": []
                  }
                ],
                "id": "archive_old_data",
                "noncurrent_version_expiration": [],
                "noncurrent_version_transition": [],
                "prefix": "",
                "status": "Enabled",
                "transition": [
                  {
                    "date": "",
                    "days": 60,
                    "storage_class": "INTELLIGENT_TIERING"
                  }
                ]
              }
            ],
            "timeouts": null,
            "transition_default_minimum_object_size": "all_storage_classes_128K"
          },
          "sensitive_attributes": [],
          "private": "eyJlMmJmYjczMC1lY2FhLTExZTYtOGY4OC0zNDM2M2JjN2M0YzAiOnsiY3JlYXRlIjoxODAwMDAwMDAwMDAsInVwZGF0ZSI6MTgwMDAwMDAwMDAwfX0=",
          "dependencies": [
            "aws_s3_bucket.processed_zone"
          ]
        }
      ]
    },
    {
      "mode": "managed",
      "type": "aws_s3_bucket_lifecycle_configuration",
      "name": "raw_lifecycle",
      "provider": "provider[\"registry.terraform.io/hashicorp/aws\"]",
      "instances": [
        {
          "schema_version": 0,
          "attributes": {
            "bucket": "demo-lakehouse-raw-zone",
            "expected_bucket_owner": "",
            "id": "demo-lakehouse-raw-zone",
            "rule": [
              {
                "abort_incomplete_multipart_upload": [],
                "expiration": [
                  {
                    "date": "",
                    "days": 90,
                    "expired_object_delete_marker": false
                  }
                ],
                "filter": [
                  {
                    "and": [],
                    "object_size_greater_than": "",
                    "object_size_less_than": "",
                    "prefix": "",
                    "tag": []
                  }
                ],
                "id": "cleanup_old_data",
                "noncurrent_version_expiration": [],
                "noncurrent_version_transition": [],
                "prefix": "",
                "status": "Enabled",
                "transition": [
                  {
                    "date": "",
                    "days": 30,
                    "storage_class": "INTELLIGENT_TIERING"
                  }
                ]
              }
            ],
            "timeouts": null,
            "transition_default_minimum_object_size": "all_storage_classes_128K"
          },
          "sensitive_attributes": [],
          "private": "eyJlMmJmYjczMC1lY2FhLTExZTYtOGY4OC0zNDM2M2JjN2M0YzAiOnsiY3JlYXRlIjoxODAwMDAwMDAwMDAsInVwZGF0ZSI6MTgwMDAwMDAwMDAwfX0=",
          "dependencies": [
            "aws_s3_bucket.raw_zone"
          ]
        }
      ]
    },
    {
      "mode": "managed",
      "type": "aws_s3_bucket_versioning",
      "name": "raw_versioning",
      "provider": "provider[\"registry.terraform.io/hashicorp/aws\"]",
      "instances": [
        {
          "schema_version": 0,
          "attributes": {
            "bucket": "demo-lakehouse-raw-zone",
            "expected_bucket_owner": "",
            "id": "demo-lakehouse-raw-zone",
            "mfa": null,
            "versioning_configuration": [
              {
                "mfa_delete": "",
                "status": "Enabled"
              }
            ]
          },
          "sensitive_attributes": [],
          "private": "bnVsbA==",
          "dependencies": [
            "aws_s3_bucket.raw_zone"
          ]
        }
      ]
    },
    {
      "mode": "managed",
      "type": "aws_sns_topic",
      "name": "cost_alerts",
      "provider": "provider[\"registry.terraform.io/hashicorp/aws\"]",
      "instances": [
        {
          "schema_version": 0,
          "attributes": {
            "application_failure_feedback_role_arn": "",
            "application_success_feedback_role_arn": "",
            "application_success_feedback_sample_rate": 0,
            "archive_policy": "",
            "arn": "arn:aws:sns:us-east-1:841162683310:lakehouse-cost-alerts",
            "beginning_archive_time": "",
            "content_based_deduplication": false,
            "delivery_policy": "",
            "display_name": "",
            "fifo_topic": false,
            "firehose_failure_feedback_role_arn": "",
            "firehose_success_feedback_role_arn": "",
            "firehose_success_feedback_sample_rate": 0,
            "http_failure_feedback_role_arn": "",
            "http_success_feedback_role_arn": "",
            "http_success_feedback_sample_rate": 0,
            "id": "arn:aws:sns:us-east-1:841162683310:lakehouse-cost-alerts",
            "kms_master_key_id": "",
            "lambda_failure_feedback_role_arn": "",
            "lambda_success_feedback_role_arn": "",
            "lambda_success_feedback_sample_rate": 0,
            "name": "lakehouse-cost-alerts",
            "name_prefix": "",
            "owner": "841162683310",
            "policy": "{\"Id\":\"__default_policy_ID\",\"Statement\":[{\"Action\":[\"SNS:GetTopicAttributes\",\"SNS:SetTopicAttributes\",\"SNS:AddPermission\",\"SNS:RemovePermission\",\"SNS:DeleteTopic\",\"SNS:Subscribe\",\"SNS:ListSubscriptionsByTopic\",\"SNS:Publish\"],\"Condition\":{\"StringEquals\":{\"AWS:SourceOwner\":\"841162683310\"}},\"Effect\":\"Allow\",\"Principal\":{\"AWS\":\"*\"},\"Resource\":\"arn:aws:sns:us-east-1:841162683310:lakehouse-cost-alerts\",\"Sid\":\"__default_statement_ID\"}],\"Version\":\"2008-10-17\"}",
            "signature_version": 0,
            "sqs_failure_feedback_role_arn": "",
            "sqs_success_feedback_role_arn": "",
            "sqs_success_feedback_sample_rate": 0,
            "tags": {},
            "tags_all": {},
            "tracing_config": ""
          },
          "sensitive_attributes": [],
          "private": "bnVsbA=="
        }
      ]
    }
  ],
  "check_results": null
}
