{
  "version": 4,
  "terraform_version": "1.5.7",
  "serial": 165,
  "lineage": "85f958d7-ad89-a237-1af1-c77705749437",
  "outputs": {},
  "resources": [
    {
      "mode": "data",
      "type": "aws_caller_identity",
      "name": "current",
      "provider": "provider[\"registry.terraform.io/hashicorp/aws\"]",
      "instances": [
        {
          "schema_version": 0,
          "attributes": {
            "account_id": "841162683310",
            "arn": "arn:aws:iam::841162683310:user/Matthew",
            "id": "841162683310",
            "user_id": "AIDA4HWJT6OXIVFKITL6G"
          },
          "sensitive_attributes": []
        }
      ]
    },
    {
      "mode": "data",
      "type": "local_file",
      "name": "etl_script",
      "provider": "provider[\"registry.terraform.io/hashicorp/local\"]",
      "instances": [
        {
          "schema_version": 0,
          "attributes": {
            "content": "import sys\nfrom awsglue.utils import getResolvedOptions\nfrom pyspark.context import SparkContext\nfrom awsglue.context import GlueContext\nfrom awsglue.job import Job\nimport logging\n\n# Setup logging\nlogging.basicConfig(level=logging.INFO)\nlogger = logging.getLogger(__name__)\n\n# Initialize job\nargs = getResolvedOptions(sys.argv, ['source_bucket', 'destination_bucket'])\nsc = SparkContext()\nglueContext = GlueContext(sc)\nspark = glueContext.spark_session\njob = Job(glueContext)\njob.init(\"raw_to_processed_job\")\n\ntry:\n    # Read from source with exclusion pattern\n    source_path = f\"s3://{args['source_bucket']}/data/\"\n    logger.info(f\"Reading data from: {source_path}\")\n    \n    # Read CSV files only\n    datasource = spark.read.format(\"csv\") \\\n        .option(\"header\", \"true\") \\\n        .option(\"inferSchema\", \"true\") \\\n        .load(source_path)\n\n    # Convert to dynamic frame\n    dynamic_frame = DynamicFrame.fromDF(datasource, glueContext, \"dynamic_frame\")\n\n    # Write to destination\n    destination_path = f\"s3://{args['destination_bucket']}/gluetest001/\"\n    logger.info(f\"Writing data to: {destination_path}\")\n    \n    if dynamic_frame.count() \u003e 0:\n        glueContext.write_dynamic_frame.from_options(\n            frame=dynamic_frame,\n            connection_type=\"s3\",\n            connection_options={\n                \"path\": destination_path,\n                \"partitionKeys\": []\n            },\n            format=\"parquet\"\n        )\n        logger.info(\"Data processing completed successfully\")\n    else:\n        logger.warning(\"No data found to process\")\n\nexcept Exception as e:\n    logger.error(f\"Error processing data: {str(e)}\")\n    raise\n\nfinally:\n    job.commit()",
            "content_base64": "aW1wb3J0IHN5cwpmcm9tIGF3c2dsdWUudXRpbHMgaW1wb3J0IGdldFJlc29sdmVkT3B0aW9ucwpmcm9tIHB5c3BhcmsuY29udGV4dCBpbXBvcnQgU3BhcmtDb250ZXh0CmZyb20gYXdzZ2x1ZS5jb250ZXh0IGltcG9ydCBHbHVlQ29udGV4dApmcm9tIGF3c2dsdWUuam9iIGltcG9ydCBKb2IKaW1wb3J0IGxvZ2dpbmcKCiMgU2V0dXAgbG9nZ2luZwpsb2dnaW5nLmJhc2ljQ29uZmlnKGxldmVsPWxvZ2dpbmcuSU5GTykKbG9nZ2VyID0gbG9nZ2luZy5nZXRMb2dnZXIoX19uYW1lX18pCgojIEluaXRpYWxpemUgam9iCmFyZ3MgPSBnZXRSZXNvbHZlZE9wdGlvbnMoc3lzLmFyZ3YsIFsnc291cmNlX2J1Y2tldCcsICdkZXN0aW5hdGlvbl9idWNrZXQnXSkKc2MgPSBTcGFya0NvbnRleHQoKQpnbHVlQ29udGV4dCA9IEdsdWVDb250ZXh0KHNjKQpzcGFyayA9IGdsdWVDb250ZXh0LnNwYXJrX3Nlc3Npb24Kam9iID0gSm9iKGdsdWVDb250ZXh0KQpqb2IuaW5pdCgicmF3X3RvX3Byb2Nlc3NlZF9qb2IiKQoKdHJ5OgogICAgIyBSZWFkIGZyb20gc291cmNlIHdpdGggZXhjbHVzaW9uIHBhdHRlcm4KICAgIHNvdXJjZV9wYXRoID0gZiJzMzovL3thcmdzWydzb3VyY2VfYnVja2V0J119L2RhdGEvIgogICAgbG9nZ2VyLmluZm8oZiJSZWFkaW5nIGRhdGEgZnJvbToge3NvdXJjZV9wYXRofSIpCiAgICAKICAgICMgUmVhZCBDU1YgZmlsZXMgb25seQogICAgZGF0YXNvdXJjZSA9IHNwYXJrLnJlYWQuZm9ybWF0KCJjc3YiKSBcCiAgICAgICAgLm9wdGlvbigiaGVhZGVyIiwgInRydWUiKSBcCiAgICAgICAgLm9wdGlvbigiaW5mZXJTY2hlbWEiLCAidHJ1ZSIpIFwKICAgICAgICAubG9hZChzb3VyY2VfcGF0aCkKCiAgICAjIENvbnZlcnQgdG8gZHluYW1pYyBmcmFtZQogICAgZHluYW1pY19mcmFtZSA9IER5bmFtaWNGcmFtZS5mcm9tREYoZGF0YXNvdXJjZSwgZ2x1ZUNvbnRleHQsICJkeW5hbWljX2ZyYW1lIikKCiAgICAjIFdyaXRlIHRvIGRlc3RpbmF0aW9uCiAgICBkZXN0aW5hdGlvbl9wYXRoID0gZiJzMzovL3thcmdzWydkZXN0aW5hdGlvbl9idWNrZXQnXX0vZ2x1ZXRlc3QwMDEvIgogICAgbG9nZ2VyLmluZm8oZiJXcml0aW5nIGRhdGEgdG86IHtkZXN0aW5hdGlvbl9wYXRofSIpCiAgICAKICAgIGlmIGR5bmFtaWNfZnJhbWUuY291bnQoKSA+IDA6CiAgICAgICAgZ2x1ZUNvbnRleHQud3JpdGVfZHluYW1pY19mcmFtZS5mcm9tX29wdGlvbnMoCiAgICAgICAgICAgIGZyYW1lPWR5bmFtaWNfZnJhbWUsCiAgICAgICAgICAgIGNvbm5lY3Rpb25fdHlwZT0iczMiLAogICAgICAgICAgICBjb25uZWN0aW9uX29wdGlvbnM9ewogICAgICAgICAgICAgICAgInBhdGgiOiBkZXN0aW5hdGlvbl9wYXRoLAogICAgICAgICAgICAgICAgInBhcnRpdGlvbktleXMiOiBbXQogICAgICAgICAgICB9LAogICAgICAgICAgICBmb3JtYXQ9InBhcnF1ZXQiCiAgICAgICAgKQogICAgICAgIGxvZ2dlci5pbmZvKCJEYXRhIHByb2Nlc3NpbmcgY29tcGxldGVkIHN1Y2Nlc3NmdWxseSIpCiAgICBlbHNlOgogICAgICAgIGxvZ2dlci53YXJuaW5nKCJObyBkYXRhIGZvdW5kIHRvIHByb2Nlc3MiKQoKZXhjZXB0IEV4Y2VwdGlvbiBhcyBlOgogICAgbG9nZ2VyLmVycm9yKGYiRXJyb3IgcHJvY2Vzc2luZyBkYXRhOiB7c3RyKGUpfSIpCiAgICByYWlzZQoKZmluYWxseToKICAgIGpvYi5jb21taXQoKQ==",
            "content_base64sha256": "N5L6qcgV8taqFhXzW+Z7yZg5zLcxzGVs3r+s4oZYOn4=",
            "content_base64sha512": "jKJD+5SLjFrF64LnniaPD18zV1lkzVVGbNhhh8hIRj6MycV/efZfMgxhYK1blU049cz2NW/lz+qGNuvV2ksOBQ==",
            "content_md5": "0f39268754db091496fb340f77cd8387",
            "content_sha1": "a6f46736229ab267fa3229f1b10fc637271cc30b",
            "content_sha256": "3792faa9c815f2d6aa1615f35be67bc99839ccb731cc656cdebface286583a7e",
            "content_sha512": "8ca243fb948b8c5ac5eb82e79e268f0f5f33575964cd55466cd86187c848463e8cc9c57f79f65f320c6160ad5b954d38f5ccf6356fe5cfea8636ebd5da4b0e05",
            "filename": "./scripts/raw_to_processed.py",
            "id": "a6f46736229ab267fa3229f1b10fc637271cc30b"
          },
          "sensitive_attributes": []
        }
      ]
    },
    {
      "mode": "managed",
      "type": "aws_athena_workgroup",
      "name": "main",
      "provider": "provider[\"registry.terraform.io/hashicorp/aws\"]",
      "instances": [
        {
          "schema_version": 0,
          "attributes": {
            "arn": "arn:aws:athena:us-east-1:841162683310:workgroup/demo_lakehouse_workgroup",
            "configuration": [
              {
                "bytes_scanned_cutoff_per_query": 1073741824,
                "enforce_workgroup_configuration": true,
                "engine_version": [
                  {
                    "effective_engine_version": "Athena engine version 3",
                    "selected_engine_version": "AUTO"
                  }
                ],
                "execution_role": "",
                "publish_cloudwatch_metrics_enabled": true,
                "requester_pays_enabled": false,
                "result_configuration": [
                  {
                    "acl_configuration": [],
                    "encryption_configuration": [],
                    "expected_bucket_owner": "",
                    "output_location": "s3://demo-lakehouse-processed-zone/athena-output/"
                  }
                ]
              }
            ],
            "description": "",
            "force_destroy": false,
            "id": "demo_lakehouse_workgroup",
            "name": "demo_lakehouse_workgroup",
            "state": "ENABLED",
            "tags": {},
            "tags_all": {}
          },
          "sensitive_attributes": [],
          "private": "bnVsbA==",
          "dependencies": [
            "aws_s3_bucket.processed_zone"
          ]
        }
      ]
    },
    {
      "mode": "managed",
      "type": "aws_cloudwatch_dashboard",
      "name": "main",
      "provider": "provider[\"registry.terraform.io/hashicorp/aws\"]",
      "instances": [
        {
          "schema_version": 0,
          "attributes": {
            "dashboard_arn": "arn:aws:cloudwatch::841162683310:dashboard/lakehouse-cost-monitoring",
            "dashboard_body": "{\"widgets\":[{\"height\":6,\"properties\":{\"metrics\":[[\"AWS/Athena\",\"TotalExecutionTime\",\"WorkGroup\",\"demo_lakehouse_workgroup\"]],\"period\":300,\"region\":\"us-east-1\",\"stat\":\"Average\"},\"type\":\"metric\",\"width\":12,\"x\":0,\"y\":0}]}",
            "dashboard_name": "lakehouse-cost-monitoring",
            "id": "lakehouse-cost-monitoring"
          },
          "sensitive_attributes": [],
          "private": "bnVsbA==",
          "dependencies": [
            "aws_athena_workgroup.main",
            "aws_s3_bucket.processed_zone"
          ]
        }
      ]
    },
    {
      "mode": "managed",
      "type": "aws_glue_catalog_database",
      "name": "nyc_taxi",
      "provider": "provider[\"registry.terraform.io/hashicorp/aws\"]",
      "instances": [
        {
          "schema_version": 0,
          "attributes": {
            "arn": "arn:aws:glue:us-east-1:841162683310:database/nyc_taxi_raw",
            "catalog_id": "841162683310",
            "create_table_default_permission": [
              {
                "permissions": [
                  "ALL"
                ],
                "principal": [
                  {
                    "data_lake_principal_identifier": "IAM_ALLOWED_PRINCIPALS"
                  }
                ]
              }
            ],
            "description": "",
            "federated_database": [],
            "id": "841162683310:nyc_taxi_raw",
            "location_uri": "",
            "name": "nyc_taxi_raw",
            "parameters": {},
            "tags": {},
            "tags_all": {},
            "target_database": []
          },
          "sensitive_attributes": [],
          "private": "eyJzY2hlbWFfdmVyc2lvbiI6IjAifQ=="
        }
      ]
    },
    {
      "mode": "managed",
      "type": "aws_glue_catalog_database",
      "name": "raw",
      "provider": "provider[\"registry.terraform.io/hashicorp/aws\"]",
      "instances": [
        {
          "schema_version": 0,
          "attributes": {
            "arn": "arn:aws:glue:us-east-1:841162683310:database/nyc_taxi_raw",
            "catalog_id": "841162683310",
            "create_table_default_permission": [
              {
                "permissions": [
                  "ALL"
                ],
                "principal": [
                  {
                    "data_lake_principal_identifier": "IAM_ALLOWED_PRINCIPALS"
                  }
                ]
              }
            ],
            "description": "",
            "federated_database": [],
            "id": "841162683310:nyc_taxi_raw",
            "location_uri": "",
            "name": "nyc_taxi_raw",
            "parameters": {},
            "tags": {},
            "tags_all": {},
            "target_database": []
          },
          "sensitive_attributes": [],
          "private": "bnVsbA=="
        }
      ]
    },
    {
      "mode": "managed",
      "type": "aws_glue_crawler",
      "name": "raw_zone",
      "provider": "provider[\"registry.terraform.io/hashicorp/aws\"]",
      "instances": [
        {
          "schema_version": 0,
          "attributes": {
            "arn": "arn:aws:glue:us-east-1:841162683310:crawler/raw-zone-crawler",
            "catalog_target": [],
            "classifiers": [],
            "configuration": "",
            "database_name": "nyc_taxi_raw",
            "delta_target": [],
            "description": "",
            "dynamodb_target": [],
            "hudi_target": [],
            "iceberg_target": [],
            "id": "raw-zone-crawler",
            "jdbc_target": [],
            "lake_formation_configuration": [
              {
                "account_id": "",
                "use_lake_formation_credentials": false
              }
            ],
            "lineage_configuration": [
              {
                "crawler_lineage_settings": "DISABLE"
              }
            ],
            "mongodb_target": [],
            "name": "raw-zone-crawler",
            "recrawl_policy": [
              {
                "recrawl_behavior": "CRAWL_EVERYTHING"
              }
            ],
            "role": "GlueETLRole",
            "s3_target": [
              {
                "connection_name": "",
                "dlq_event_queue_arn": "",
                "event_queue_arn": "",
                "exclusions": [],
                "path": "s3://demo-lakehouse-raw-zone/nyc-taxi",
                "sample_size": 0
              }
            ],
            "schedule": "",
            "schema_change_policy": [
              {
                "delete_behavior": "LOG",
                "update_behavior": "UPDATE_IN_DATABASE"
              }
            ],
            "security_configuration": "",
            "table_prefix": "",
            "tags": {},
            "tags_all": {}
          },
          "sensitive_attributes": [],
          "private": "bnVsbA==",
          "dependencies": [
            "aws_glue_catalog_database.nyc_taxi",
            "aws_iam_role.glue_role",
            "aws_s3_bucket.raw_zone"
          ]
        }
      ]
    },
    {
      "mode": "managed",
      "type": "aws_glue_job",
      "name": "raw_to_processed",
      "provider": "provider[\"registry.terraform.io/hashicorp/aws\"]",
      "instances": [
        {
          "schema_version": 0,
          "attributes": {
            "arn": "arn:aws:glue:us-east-1:841162683310:job/raw-to-processed-zone",
            "command": [
              {
                "name": "glueetl",
                "python_version": "3",
                "runtime": "",
                "script_location": "s3://demo-lakehouse-raw-zone/scripts/raw_to_processed.py"
              }
            ],
            "connections": [],
            "default_arguments": {
              "--TempDir": "s3://demo-lakehouse-raw-zone/temporary/",
              "--continuous-log-logGroup": "/aws-glue/jobs",
              "--destination_bucket": "demo-lakehouse-processed-zone",
              "--enable-metrics": "",
              "--job-language": "python",
              "--source_bucket": "demo-lakehouse-raw-zone"
            },
            "description": "",
            "execution_class": "",
            "execution_property": [
              {
                "max_concurrent_runs": 1
              }
            ],
            "glue_version": "4.0",
            "id": "raw-to-processed-zone",
            "job_run_queuing_enabled": false,
            "maintenance_window": "",
            "max_capacity": 10,
            "max_retries": 0,
            "name": "raw-to-processed-zone",
            "non_overridable_arguments": {},
            "notification_property": [],
            "number_of_workers": 10,
            "role_arn": "arn:aws:iam::841162683310:role/GlueETLRole",
            "security_configuration": "",
            "tags": {},
            "tags_all": {},
            "timeout": 2880,
            "worker_type": "G.1X"
          },
          "sensitive_attributes": [],
          "private": "bnVsbA==",
          "dependencies": [
            "aws_iam_role.glue_role",
            "aws_s3_bucket.processed_zone",
            "aws_s3_bucket.raw_zone",
            "aws_s3_object.glue_etl_script",
            "data.local_file.etl_script"
          ]
        }
      ]
    },
    {
      "mode": "managed",
      "type": "aws_glue_trigger",
      "name": "raw_to_processed_trigger",
      "provider": "provider[\"registry.terraform.io/hashicorp/aws\"]",
      "instances": [
        {
          "schema_version": 0,
          "attributes": {
            "actions": [
              {
                "arguments": {},
                "crawler_name": "",
                "job_name": "raw-to-processed-zone",
                "notification_property": [],
                "security_configuration": "",
                "timeout": 0
              }
            ],
            "arn": "arn:aws:glue:us-east-1:841162683310:trigger/raw-to-processed-trigger",
            "description": "",
            "enabled": true,
            "event_batching_condition": [],
            "id": "raw-to-processed-trigger",
            "name": "raw-to-processed-trigger",
            "predicate": [],
            "schedule": "cron(0 0 * * ? *)",
            "start_on_creation": null,
            "state": "ACTIVATED",
            "tags": {},
            "tags_all": {},
            "timeouts": null,
            "type": "SCHEDULED",
            "workflow_name": ""
          },
          "sensitive_attributes": [],
          "private": "eyJlMmJmYjczMC1lY2FhLTExZTYtOGY4OC0zNDM2M2JjN2M0YzAiOnsiY3JlYXRlIjozMDAwMDAwMDAwMDAsImRlbGV0ZSI6MzAwMDAwMDAwMDAwLCJ1cGRhdGUiOjMwMDAwMDAwMDAwMH19",
          "dependencies": [
            "aws_glue_job.raw_to_processed",
            "aws_iam_role.glue_role",
            "aws_s3_bucket.processed_zone",
            "aws_s3_bucket.raw_zone",
            "aws_s3_object.glue_etl_script",
            "data.local_file.etl_script"
          ]
        }
      ]
    },
    {
      "mode": "managed",
      "type": "aws_iam_role",
      "name": "glue_role",
      "provider": "provider[\"registry.terraform.io/hashicorp/aws\"]",
      "instances": [
        {
          "schema_version": 0,
          "attributes": {
            "arn": "arn:aws:iam::841162683310:role/GlueETLRole",
            "assume_role_policy": "{\"Statement\":[{\"Action\":\"sts:AssumeRole\",\"Effect\":\"Allow\",\"Principal\":{\"Service\":\"glue.amazonaws.com\"}}],\"Version\":\"2012-10-17\"}",
            "create_date": "2024-12-16T21:20:30Z",
            "description": "",
            "force_detach_policies": false,
            "id": "GlueETLRole",
            "inline_policy": [
              {
                "name": "GlueS3Policy",
                "policy": "{\"Version\":\"2012-10-17\",\"Statement\":[{\"Action\":[\"s3:GetObject\",\"s3:PutObject\",\"s3:DeleteObject\",\"s3:ListBucket\"],\"Effect\":\"Allow\",\"Resource\":[\"arn:aws:s3:::demo-lakehouse-raw-zone\",\"arn:aws:s3:::demo-lakehouse-raw-zone/*\",\"arn:aws:s3:::demo-lakehouse-processed-zone\",\"arn:aws:s3:::demo-lakehouse-processed-zone/*\"]}]}"
              }
            ],
            "managed_policy_arns": [
              "arn:aws:iam::aws:policy/service-role/AWSGlueServiceRole"
            ],
            "max_session_duration": 3600,
            "name": "GlueETLRole",
            "name_prefix": "",
            "path": "/",
            "permissions_boundary": "",
            "tags": {},
            "tags_all": {},
            "unique_id": "AROA4HWJT6OXFDC7BNN4C"
          },
          "sensitive_attributes": [],
          "private": "bnVsbA=="
        }
      ]
    },
    {
      "mode": "managed",
      "type": "aws_iam_role_policy",
      "name": "glue_s3",
      "provider": "provider[\"registry.terraform.io/hashicorp/aws\"]",
      "instances": [
        {
          "schema_version": 0,
          "attributes": {
            "id": "GlueETLRole:GlueS3Policy",
            "name": "GlueS3Policy",
            "name_prefix": "",
            "policy": "{\"Version\":\"2012-10-17\",\"Statement\":[{\"Action\":[\"s3:GetObject\",\"s3:PutObject\",\"s3:DeleteObject\",\"s3:ListBucket\"],\"Effect\":\"Allow\",\"Resource\":[\"arn:aws:s3:::demo-lakehouse-raw-zone\",\"arn:aws:s3:::demo-lakehouse-raw-zone/*\",\"arn:aws:s3:::demo-lakehouse-processed-zone\",\"arn:aws:s3:::demo-lakehouse-processed-zone/*\"]}]}",
            "role": "GlueETLRole"
          },
          "sensitive_attributes": [],
          "private": "bnVsbA==",
          "dependencies": [
            "aws_iam_role.glue_role",
            "aws_s3_bucket.processed_zone",
            "aws_s3_bucket.raw_zone"
          ]
        }
      ]
    },
    {
      "mode": "managed",
      "type": "aws_iam_role_policy",
      "name": "glue_s3_policy",
      "provider": "provider[\"registry.terraform.io/hashicorp/aws\"]",
      "instances": [
        {
          "schema_version": 0,
          "attributes": {
            "id": "GlueETLRole:GlueS3Policy",
            "name": "GlueS3Policy",
            "name_prefix": "",
            "policy": "{\"Version\":\"2012-10-17\",\"Statement\":[{\"Action\":[\"s3:GetObject\",\"s3:PutObject\",\"s3:DeleteObject\",\"s3:ListBucket\"],\"Effect\":\"Allow\",\"Resource\":[\"arn:aws:s3:::demo-lakehouse-raw-zone\",\"arn:aws:s3:::demo-lakehouse-raw-zone/*\",\"arn:aws:s3:::demo-lakehouse-processed-zone\",\"arn:aws:s3:::demo-lakehouse-processed-zone/*\",\"arn:aws:s3:::demo-lakehouse-curated-zone\",\"arn:aws:s3:::demo-lakehouse-curated-zone/*\"]}]}",
            "role": "GlueETLRole"
          },
          "sensitive_attributes": [],
          "private": "bnVsbA==",
          "dependencies": [
            "aws_iam_role.glue_role",
            "aws_s3_bucket.curated_zone",
            "aws_s3_bucket.processed_zone",
            "aws_s3_bucket.raw_zone"
          ]
        }
      ]
    },
    {
      "mode": "managed",
      "type": "aws_iam_role_policy_attachment",
      "name": "glue_service",
      "provider": "provider[\"registry.terraform.io/hashicorp/aws\"]",
      "instances": [
        {
          "schema_version": 0,
          "attributes": {
            "id": "GlueETLRole-20241216212030721700000001",
            "policy_arn": "arn:aws:iam::aws:policy/service-role/AWSGlueServiceRole",
            "role": "GlueETLRole"
          },
          "sensitive_attributes": [],
          "private": "bnVsbA==",
          "dependencies": [
            "aws_iam_role.glue_role"
          ]
        }
      ]
    },
    {
      "mode": "managed",
      "type": "aws_s3_bucket",
      "name": "curated_zone",
      "provider": "provider[\"registry.terraform.io/hashicorp/aws\"]",
      "instances": [
        {
          "schema_version": 0,
          "attributes": {
            "acceleration_status": "",
            "acl": null,
            "arn": "arn:aws:s3:::demo-lakehouse-curated-zone",
            "bucket": "demo-lakehouse-curated-zone",
            "bucket_domain_name": "demo-lakehouse-curated-zone.s3.amazonaws.com",
            "bucket_prefix": "",
            "bucket_regional_domain_name": "demo-lakehouse-curated-zone.s3.us-east-1.amazonaws.com",
            "cors_rule": [],
            "force_destroy": false,
            "grant": [
              {
                "id": "596427a2dfcb97c0affc41d6c73ebbea247e687310be6aa746ab0296f62aec3b",
                "permissions": [
                  "FULL_CONTROL"
                ],
                "type": "CanonicalUser",
                "uri": ""
              }
            ],
            "hosted_zone_id": "Z3AQBSTGFYJSTF",
            "id": "demo-lakehouse-curated-zone",
            "lifecycle_rule": [],
            "logging": [],
            "object_lock_configuration": [],
            "object_lock_enabled": false,
            "policy": "",
            "region": "us-east-1",
            "replication_configuration": [],
            "request_payer": "BucketOwner",
            "server_side_encryption_configuration": [
              {
                "rule": [
                  {
                    "apply_server_side_encryption_by_default": [
                      {
                        "kms_master_key_id": "",
                        "sse_algorithm": "AES256"
                      }
                    ],
                    "bucket_key_enabled": false
                  }
                ]
              }
            ],
            "tags": {},
            "tags_all": {},
            "timeouts": null,
            "versioning": [
              {
                "enabled": false,
                "mfa_delete": false
              }
            ],
            "website": [],
            "website_domain": null,
            "website_endpoint": null
          },
          "sensitive_attributes": [],
          "private": "eyJlMmJmYjczMC1lY2FhLTExZTYtOGY4OC0zNDM2M2JjN2M0YzAiOnsiY3JlYXRlIjoxMjAwMDAwMDAwMDAwLCJkZWxldGUiOjM2MDAwMDAwMDAwMDAsInJlYWQiOjEyMDAwMDAwMDAwMDAsInVwZGF0ZSI6MTIwMDAwMDAwMDAwMH19"
        }
      ]
    },
    {
      "mode": "managed",
      "type": "aws_s3_bucket",
      "name": "processed_zone",
      "provider": "provider[\"registry.terraform.io/hashicorp/aws\"]",
      "instances": [
        {
          "schema_version": 0,
          "attributes": {
            "acceleration_status": "",
            "acl": null,
            "arn": "arn:aws:s3:::demo-lakehouse-processed-zone",
            "bucket": "demo-lakehouse-processed-zone",
            "bucket_domain_name": "demo-lakehouse-processed-zone.s3.amazonaws.com",
            "bucket_prefix": "",
            "bucket_regional_domain_name": "demo-lakehouse-processed-zone.s3.us-east-1.amazonaws.com",
            "cors_rule": [],
            "force_destroy": false,
            "grant": [
              {
                "id": "596427a2dfcb97c0affc41d6c73ebbea247e687310be6aa746ab0296f62aec3b",
                "permissions": [
                  "FULL_CONTROL"
                ],
                "type": "CanonicalUser",
                "uri": ""
              }
            ],
            "hosted_zone_id": "Z3AQBSTGFYJSTF",
            "id": "demo-lakehouse-processed-zone",
            "lifecycle_rule": [
              {
                "abort_incomplete_multipart_upload_days": 0,
                "enabled": true,
                "expiration": [],
                "id": "archive_old_data",
                "noncurrent_version_expiration": [],
                "noncurrent_version_transition": [],
                "prefix": "",
                "tags": {},
                "transition": [
                  {
                    "date": "",
                    "days": 60,
                    "storage_class": "INTELLIGENT_TIERING"
                  }
                ]
              }
            ],
            "logging": [],
            "object_lock_configuration": [],
            "object_lock_enabled": false,
            "policy": "",
            "region": "us-east-1",
            "replication_configuration": [],
            "request_payer": "BucketOwner",
            "server_side_encryption_configuration": [
              {
                "rule": [
                  {
                    "apply_server_side_encryption_by_default": [
                      {
                        "kms_master_key_id": "",
                        "sse_algorithm": "AES256"
                      }
                    ],
                    "bucket_key_enabled": false
                  }
                ]
              }
            ],
            "tags": {},
            "tags_all": {},
            "timeouts": null,
            "versioning": [
              {
                "enabled": false,
                "mfa_delete": false
              }
            ],
            "website": [],
            "website_domain": null,
            "website_endpoint": null
          },
          "sensitive_attributes": [],
          "private": "eyJlMmJmYjczMC1lY2FhLTExZTYtOGY4OC0zNDM2M2JjN2M0YzAiOnsiY3JlYXRlIjoxMjAwMDAwMDAwMDAwLCJkZWxldGUiOjM2MDAwMDAwMDAwMDAsInJlYWQiOjEyMDAwMDAwMDAwMDAsInVwZGF0ZSI6MTIwMDAwMDAwMDAwMH19"
        }
      ]
    },
    {
      "mode": "managed",
      "type": "aws_s3_bucket",
      "name": "raw_zone",
      "provider": "provider[\"registry.terraform.io/hashicorp/aws\"]",
      "instances": [
        {
          "schema_version": 0,
          "attributes": {
            "acceleration_status": "",
            "acl": null,
            "arn": "arn:aws:s3:::demo-lakehouse-raw-zone",
            "bucket": "demo-lakehouse-raw-zone",
            "bucket_domain_name": "demo-lakehouse-raw-zone.s3.amazonaws.com",
            "bucket_prefix": "",
            "bucket_regional_domain_name": "demo-lakehouse-raw-zone.s3.us-east-1.amazonaws.com",
            "cors_rule": [],
            "force_destroy": false,
            "grant": [
              {
                "id": "596427a2dfcb97c0affc41d6c73ebbea247e687310be6aa746ab0296f62aec3b",
                "permissions": [
                  "FULL_CONTROL"
                ],
                "type": "CanonicalUser",
                "uri": ""
              }
            ],
            "hosted_zone_id": "Z3AQBSTGFYJSTF",
            "id": "demo-lakehouse-raw-zone",
            "lifecycle_rule": [
              {
                "abort_incomplete_multipart_upload_days": 0,
                "enabled": true,
                "expiration": [
                  {
                    "date": "",
                    "days": 90,
                    "expired_object_delete_marker": false
                  }
                ],
                "id": "cleanup_old_data",
                "noncurrent_version_expiration": [],
                "noncurrent_version_transition": [],
                "prefix": "",
                "tags": {},
                "transition": [
                  {
                    "date": "",
                    "days": 30,
                    "storage_class": "INTELLIGENT_TIERING"
                  }
                ]
              }
            ],
            "logging": [],
            "object_lock_configuration": [],
            "object_lock_enabled": false,
            "policy": "",
            "region": "us-east-1",
            "replication_configuration": [],
            "request_payer": "BucketOwner",
            "server_side_encryption_configuration": [
              {
                "rule": [
                  {
                    "apply_server_side_encryption_by_default": [
                      {
                        "kms_master_key_id": "",
                        "sse_algorithm": "AES256"
                      }
                    ],
                    "bucket_key_enabled": false
                  }
                ]
              }
            ],
            "tags": {},
            "tags_all": {},
            "timeouts": null,
            "versioning": [
              {
                "enabled": true,
                "mfa_delete": false
              }
            ],
            "website": [],
            "website_domain": null,
            "website_endpoint": null
          },
          "sensitive_attributes": [],
          "private": "eyJlMmJmYjczMC1lY2FhLTExZTYtOGY4OC0zNDM2M2JjN2M0YzAiOnsiY3JlYXRlIjoxMjAwMDAwMDAwMDAwLCJkZWxldGUiOjM2MDAwMDAwMDAwMDAsInJlYWQiOjEyMDAwMDAwMDAwMDAsInVwZGF0ZSI6MTIwMDAwMDAwMDAwMH19"
        }
      ]
    },
    {
      "mode": "managed",
      "type": "aws_s3_bucket_lifecycle_configuration",
      "name": "processed_lifecycle",
      "provider": "provider[\"registry.terraform.io/hashicorp/aws\"]",
      "instances": [
        {
          "schema_version": 0,
          "attributes": {
            "bucket": "demo-lakehouse-processed-zone",
            "expected_bucket_owner": "",
            "id": "demo-lakehouse-processed-zone",
            "rule": [
              {
                "abort_incomplete_multipart_upload": [],
                "expiration": [],
                "filter": [
                  {
                    "and": [],
                    "object_size_greater_than": "",
                    "object_size_less_than": "",
                    "prefix": "",
                    "tag": []
                  }
                ],
                "id": "archive_old_data",
                "noncurrent_version_expiration": [],
                "noncurrent_version_transition": [],
                "prefix": "",
                "status": "Enabled",
                "transition": [
                  {
                    "date": "",
                    "days": 60,
                    "storage_class": "INTELLIGENT_TIERING"
                  }
                ]
              }
            ],
            "timeouts": null,
            "transition_default_minimum_object_size": "all_storage_classes_128K"
          },
          "sensitive_attributes": [],
          "private": "eyJlMmJmYjczMC1lY2FhLTExZTYtOGY4OC0zNDM2M2JjN2M0YzAiOnsiY3JlYXRlIjoxODAwMDAwMDAwMDAsInVwZGF0ZSI6MTgwMDAwMDAwMDAwfX0=",
          "dependencies": [
            "aws_s3_bucket.processed_zone"
          ]
        }
      ]
    },
    {
      "mode": "managed",
      "type": "aws_s3_bucket_lifecycle_configuration",
      "name": "raw_lifecycle",
      "provider": "provider[\"registry.terraform.io/hashicorp/aws\"]",
      "instances": [
        {
          "schema_version": 0,
          "attributes": {
            "bucket": "demo-lakehouse-raw-zone",
            "expected_bucket_owner": "",
            "id": "demo-lakehouse-raw-zone",
            "rule": [
              {
                "abort_incomplete_multipart_upload": [],
                "expiration": [
                  {
                    "date": "",
                    "days": 90,
                    "expired_object_delete_marker": false
                  }
                ],
                "filter": [
                  {
                    "and": [],
                    "object_size_greater_than": "",
                    "object_size_less_than": "",
                    "prefix": "",
                    "tag": []
                  }
                ],
                "id": "cleanup_old_data",
                "noncurrent_version_expiration": [],
                "noncurrent_version_transition": [],
                "prefix": "",
                "status": "Enabled",
                "transition": [
                  {
                    "date": "",
                    "days": 30,
                    "storage_class": "INTELLIGENT_TIERING"
                  }
                ]
              }
            ],
            "timeouts": null,
            "transition_default_minimum_object_size": "all_storage_classes_128K"
          },
          "sensitive_attributes": [],
          "private": "eyJlMmJmYjczMC1lY2FhLTExZTYtOGY4OC0zNDM2M2JjN2M0YzAiOnsiY3JlYXRlIjoxODAwMDAwMDAwMDAsInVwZGF0ZSI6MTgwMDAwMDAwMDAwfX0=",
          "dependencies": [
            "aws_s3_bucket.raw_zone"
          ]
        }
      ]
    },
    {
      "mode": "managed",
      "type": "aws_s3_bucket_versioning",
      "name": "raw_versioning",
      "provider": "provider[\"registry.terraform.io/hashicorp/aws\"]",
      "instances": [
        {
          "schema_version": 0,
          "attributes": {
            "bucket": "demo-lakehouse-raw-zone",
            "expected_bucket_owner": "",
            "id": "demo-lakehouse-raw-zone",
            "mfa": null,
            "versioning_configuration": [
              {
                "mfa_delete": "",
                "status": "Enabled"
              }
            ]
          },
          "sensitive_attributes": [],
          "private": "bnVsbA==",
          "dependencies": [
            "aws_s3_bucket.raw_zone"
          ]
        }
      ]
    },
    {
      "mode": "managed",
      "type": "aws_s3_object",
      "name": "glue_etl_script",
      "provider": "provider[\"registry.terraform.io/hashicorp/aws\"]",
      "instances": [
        {
          "schema_version": 0,
          "attributes": {
            "acl": null,
            "arn": "arn:aws:s3:::demo-lakehouse-raw-zone/scripts/raw_to_processed.py",
            "bucket": "demo-lakehouse-raw-zone",
            "bucket_key_enabled": false,
            "cache_control": "",
            "checksum_algorithm": null,
            "checksum_crc32": "",
            "checksum_crc32c": "",
            "checksum_sha1": "",
            "checksum_sha256": "",
            "content": "import sys\nfrom awsglue.utils import getResolvedOptions\nfrom pyspark.context import SparkContext\nfrom awsglue.context import GlueContext\nfrom awsglue.job import Job\nimport logging\n\n# Setup logging\nlogging.basicConfig(level=logging.INFO)\nlogger = logging.getLogger(__name__)\n\n# Initialize job\nargs = getResolvedOptions(sys.argv, ['source_bucket', 'destination_bucket'])\nsc = SparkContext()\nglueContext = GlueContext(sc)\nspark = glueContext.spark_session\njob = Job(glueContext)\njob.init(\"raw_to_processed_job\")\n\ntry:\n    # Read from source with exclusion pattern\n    source_path = f\"s3://{args['source_bucket']}/data/\"\n    logger.info(f\"Reading data from: {source_path}\")\n    \n    # Read CSV files only\n    datasource = spark.read.format(\"csv\") \\\n        .option(\"header\", \"true\") \\\n        .option(\"inferSchema\", \"true\") \\\n        .load(source_path)\n\n    # Convert to dynamic frame\n    dynamic_frame = DynamicFrame.fromDF(datasource, glueContext, \"dynamic_frame\")\n\n    # Write to destination\n    destination_path = f\"s3://{args['destination_bucket']}/gluetest001/\"\n    logger.info(f\"Writing data to: {destination_path}\")\n    \n    if dynamic_frame.count() \u003e 0:\n        glueContext.write_dynamic_frame.from_options(\n            frame=dynamic_frame,\n            connection_type=\"s3\",\n            connection_options={\n                \"path\": destination_path,\n                \"partitionKeys\": []\n            },\n            format=\"parquet\"\n        )\n        logger.info(\"Data processing completed successfully\")\n    else:\n        logger.warning(\"No data found to process\")\n\nexcept Exception as e:\n    logger.error(f\"Error processing data: {str(e)}\")\n    raise\n\nfinally:\n    job.commit()",
            "content_base64": null,
            "content_disposition": "",
            "content_encoding": "",
            "content_language": "",
            "content_type": "application/octet-stream; charset=UTF-8",
            "etag": "0f39268754db091496fb340f77cd8387",
            "force_destroy": false,
            "id": "scripts/raw_to_processed.py",
            "key": "scripts/raw_to_processed.py",
            "kms_key_id": null,
            "metadata": {},
            "object_lock_legal_hold_status": "",
            "object_lock_mode": "",
            "object_lock_retain_until_date": "",
            "override_provider": [],
            "server_side_encryption": "AES256",
            "source": null,
            "source_hash": null,
            "storage_class": "STANDARD",
            "tags": {},
            "tags_all": {},
            "version_id": "WG80azCCVrY0SC3L.TbaBfhcZa8JXQOp",
            "website_redirect": ""
          },
          "sensitive_attributes": [],
          "private": "bnVsbA==",
          "dependencies": [
            "aws_s3_bucket.raw_zone",
            "data.local_file.etl_script"
          ]
        }
      ]
    }
  ],
  "check_results": null
}
