{
  "version": 4,
  "terraform_version": "1.5.7",
  "serial": 185,
  "lineage": "85f958d7-ad89-a237-1af1-c77705749437",
  "outputs": {},
  "resources": [
    {
      "mode": "data",
      "type": "aws_caller_identity",
      "name": "current",
      "provider": "provider[\"registry.terraform.io/hashicorp/aws\"]",
      "instances": [
        {
          "schema_version": 0,
          "attributes": {
            "account_id": "841162683310",
            "arn": "arn:aws:iam::841162683310:user/Matthew",
            "id": "841162683310",
            "user_id": "AIDA4HWJT6OXIVFKITL6G"
          },
          "sensitive_attributes": []
        }
      ]
    },
    {
      "mode": "data",
      "type": "local_file",
      "name": "etl_script",
      "provider": "provider[\"registry.terraform.io/hashicorp/local\"]",
      "instances": [
        {
          "schema_version": 0,
          "attributes": {
            "content": "import sys\nfrom awsglue.transforms import *\nfrom awsglue.utils import getResolvedOptions\nfrom pyspark.context import SparkContext\nfrom awsglue.context import GlueContext\nfrom awsglue.job import Job\nimport boto3\nfrom pyspark.sql import DataFrame\nargs = getResolvedOptions(sys.argv, ['source_bucket', 'destination_bucket'])\nsc = SparkContext()\nglueContext = GlueContext(sc)\nspark = glueContext.spark_session\njob = Job(glueContext)\n# Read from source\ndatasource = glueContext.create_dynamic_frame.from_options(\n    connection_type=\"s3\",\n    connection_options={\n        \"paths\": [f\"s3://{args['source_bucket']}/nyc-taxi/\"], \n        \"recurse\": True  \n    },\n    format=\"parquet\" \n)\n \ndf = datasource.toDF()\ntemp_output_path = f\"s3://{args['destination_bucket']}/temp_output/\"\n \ndf.coalesce(1).write.mode(\"overwrite\").parquet(temp_output_path)\n \ns3_client = boto3.client('s3')\nbucket_name = args['destination_bucket']\n \nresponse = s3_client.list_objects_v2(Bucket=bucket_name, Prefix=\"temp_output/\")\nfor obj in response.get('Contents', []):\n    if obj['Key'].endswith(\".parquet\"):  \n        source_key = obj['Key']\n        break\n \nfinal_output_key = \"nyc-taxi-processed/nyc-taxi-data.parquet\"\n \ns3_client.copy_object(\n    Bucket=bucket_name,\n    CopySource={'Bucket': bucket_name, 'Key': source_key},\n    Key=final_output_key\n)\n \n# Delete the temporary files\ns3_client.delete_object(Bucket=bucket_name, Key=source_key)\n \njob.commit()",
            "content_base64": "aW1wb3J0IHN5cwpmcm9tIGF3c2dsdWUudHJhbnNmb3JtcyBpbXBvcnQgKgpmcm9tIGF3c2dsdWUudXRpbHMgaW1wb3J0IGdldFJlc29sdmVkT3B0aW9ucwpmcm9tIHB5c3BhcmsuY29udGV4dCBpbXBvcnQgU3BhcmtDb250ZXh0CmZyb20gYXdzZ2x1ZS5jb250ZXh0IGltcG9ydCBHbHVlQ29udGV4dApmcm9tIGF3c2dsdWUuam9iIGltcG9ydCBKb2IKaW1wb3J0IGJvdG8zCmZyb20gcHlzcGFyay5zcWwgaW1wb3J0IERhdGFGcmFtZQphcmdzID0gZ2V0UmVzb2x2ZWRPcHRpb25zKHN5cy5hcmd2LCBbJ3NvdXJjZV9idWNrZXQnLCAnZGVzdGluYXRpb25fYnVja2V0J10pCnNjID0gU3BhcmtDb250ZXh0KCkKZ2x1ZUNvbnRleHQgPSBHbHVlQ29udGV4dChzYykKc3BhcmsgPSBnbHVlQ29udGV4dC5zcGFya19zZXNzaW9uCmpvYiA9IEpvYihnbHVlQ29udGV4dCkKIyBSZWFkIGZyb20gc291cmNlCmRhdGFzb3VyY2UgPSBnbHVlQ29udGV4dC5jcmVhdGVfZHluYW1pY19mcmFtZS5mcm9tX29wdGlvbnMoCiAgICBjb25uZWN0aW9uX3R5cGU9InMzIiwKICAgIGNvbm5lY3Rpb25fb3B0aW9ucz17CiAgICAgICAgInBhdGhzIjogW2YiczM6Ly97YXJnc1snc291cmNlX2J1Y2tldCddfS9ueWMtdGF4aS8iXSwgCiAgICAgICAgInJlY3Vyc2UiOiBUcnVlICAKICAgIH0sCiAgICBmb3JtYXQ9InBhcnF1ZXQiIAopCiAKZGYgPSBkYXRhc291cmNlLnRvREYoKQp0ZW1wX291dHB1dF9wYXRoID0gZiJzMzovL3thcmdzWydkZXN0aW5hdGlvbl9idWNrZXQnXX0vdGVtcF9vdXRwdXQvIgogCmRmLmNvYWxlc2NlKDEpLndyaXRlLm1vZGUoIm92ZXJ3cml0ZSIpLnBhcnF1ZXQodGVtcF9vdXRwdXRfcGF0aCkKIApzM19jbGllbnQgPSBib3RvMy5jbGllbnQoJ3MzJykKYnVja2V0X25hbWUgPSBhcmdzWydkZXN0aW5hdGlvbl9idWNrZXQnXQogCnJlc3BvbnNlID0gczNfY2xpZW50Lmxpc3Rfb2JqZWN0c192MihCdWNrZXQ9YnVja2V0X25hbWUsIFByZWZpeD0idGVtcF9vdXRwdXQvIikKZm9yIG9iaiBpbiByZXNwb25zZS5nZXQoJ0NvbnRlbnRzJywgW10pOgogICAgaWYgb2JqWydLZXknXS5lbmRzd2l0aCgiLnBhcnF1ZXQiKTogIAogICAgICAgIHNvdXJjZV9rZXkgPSBvYmpbJ0tleSddCiAgICAgICAgYnJlYWsKIApmaW5hbF9vdXRwdXRfa2V5ID0gIm55Yy10YXhpLXByb2Nlc3NlZC9ueWMtdGF4aS1kYXRhLnBhcnF1ZXQiCiAKczNfY2xpZW50LmNvcHlfb2JqZWN0KAogICAgQnVja2V0PWJ1Y2tldF9uYW1lLAogICAgQ29weVNvdXJjZT17J0J1Y2tldCc6IGJ1Y2tldF9uYW1lLCAnS2V5Jzogc291cmNlX2tleX0sCiAgICBLZXk9ZmluYWxfb3V0cHV0X2tleQopCiAKIyBEZWxldGUgdGhlIHRlbXBvcmFyeSBmaWxlcwpzM19jbGllbnQuZGVsZXRlX29iamVjdChCdWNrZXQ9YnVja2V0X25hbWUsIEtleT1zb3VyY2Vfa2V5KQogCmpvYi5jb21taXQoKQ==",
            "content_base64sha256": "AM1pjFDUlHocwvxiLCQw7tuV4FfJiQmNcga39won3dk=",
            "content_base64sha512": "RQj9//TkDWeIMMZ1SA5Afnue9tnhI68iIdqBr2NwwgCUwo0Aq6JHIHMQd+TNuqsGgH47L6F3wNJuesTigBkZWw==",
            "content_md5": "7da11879f0e477b4a812ead28e295891",
            "content_sha1": "fbb163519326037c1e9419ae34aa2dfa94c6668a",
            "content_sha256": "00cd698c50d4947a1cc2fc622c2430eedb95e057c989098d7206b7f70a27ddd9",
            "content_sha512": "4508fdfff4e40d678830c675480e407e7b9ef6d9e123af2221da81af6370c20094c28d00aba24720731077e4cdbaab06807e3b2fa177c0d26e7ac4e28019195b",
            "filename": "/Users/matthewnewsum/Documents/git/datalakehouse_demo01/scripts/raw_to_processed.py",
            "id": "fbb163519326037c1e9419ae34aa2dfa94c6668a"
          },
          "sensitive_attributes": []
        }
      ]
    },
    {
      "mode": "managed",
      "type": "aws_athena_workgroup",
      "name": "main",
      "provider": "provider[\"registry.terraform.io/hashicorp/aws\"]",
      "instances": [
        {
          "schema_version": 0,
          "attributes": {
            "arn": "arn:aws:athena:us-east-1:841162683310:workgroup/demo_lakehouse_workgroup",
            "configuration": [
              {
                "bytes_scanned_cutoff_per_query": 1073741824,
                "enforce_workgroup_configuration": true,
                "engine_version": [
                  {
                    "effective_engine_version": "Athena engine version 3",
                    "selected_engine_version": "AUTO"
                  }
                ],
                "execution_role": "",
                "publish_cloudwatch_metrics_enabled": true,
                "requester_pays_enabled": false,
                "result_configuration": [
                  {
                    "acl_configuration": [],
                    "encryption_configuration": [],
                    "expected_bucket_owner": "",
                    "output_location": "s3://demo-lakehouse-processed-zone/athena-output/"
                  }
                ]
              }
            ],
            "description": "",
            "force_destroy": false,
            "id": "demo_lakehouse_workgroup",
            "name": "demo_lakehouse_workgroup",
            "state": "ENABLED",
            "tags": {},
            "tags_all": {}
          },
          "sensitive_attributes": [],
          "private": "bnVsbA==",
          "dependencies": [
            "aws_s3_bucket.processed_zone"
          ]
        }
      ]
    },
    {
      "mode": "managed",
      "type": "aws_cloudwatch_dashboard",
      "name": "main",
      "provider": "provider[\"registry.terraform.io/hashicorp/aws\"]",
      "instances": [
        {
          "schema_version": 0,
          "attributes": {
            "dashboard_arn": "arn:aws:cloudwatch::841162683310:dashboard/lakehouse-cost-monitoring",
            "dashboard_body": "{\"widgets\":[{\"height\":6,\"properties\":{\"metrics\":[[\"AWS/Athena\",\"TotalExecutionTime\",\"WorkGroup\",\"demo_lakehouse_workgroup\"]],\"period\":300,\"region\":\"us-east-1\",\"stat\":\"Average\"},\"type\":\"metric\",\"width\":12,\"x\":0,\"y\":0}]}",
            "dashboard_name": "lakehouse-cost-monitoring",
            "id": "lakehouse-cost-monitoring"
          },
          "sensitive_attributes": [],
          "private": "bnVsbA==",
          "dependencies": [
            "aws_athena_workgroup.main",
            "aws_s3_bucket.processed_zone"
          ]
        }
      ]
    },
    {
      "mode": "managed",
      "type": "aws_glue_catalog_database",
      "name": "nyc_taxi",
      "provider": "provider[\"registry.terraform.io/hashicorp/aws\"]",
      "instances": [
        {
          "schema_version": 0,
          "attributes": {
            "arn": "arn:aws:glue:us-east-1:841162683310:database/nyc_taxi_raw",
            "catalog_id": "841162683310",
            "create_table_default_permission": [
              {
                "permissions": [
                  "ALL"
                ],
                "principal": [
                  {
                    "data_lake_principal_identifier": "IAM_ALLOWED_PRINCIPALS"
                  }
                ]
              }
            ],
            "description": "",
            "federated_database": [],
            "id": "841162683310:nyc_taxi_raw",
            "location_uri": "",
            "name": "nyc_taxi_raw",
            "parameters": {},
            "tags": {},
            "tags_all": {},
            "target_database": []
          },
          "sensitive_attributes": [],
          "private": "bnVsbA=="
        }
      ]
    },
    {
      "mode": "managed",
      "type": "aws_glue_catalog_database",
      "name": "nyc_taxi_processed",
      "provider": "provider[\"registry.terraform.io/hashicorp/aws\"]",
      "instances": [
        {
          "schema_version": 0,
          "attributes": {
            "arn": "arn:aws:glue:us-east-1:841162683310:database/nyc_taxi_processed",
            "catalog_id": "841162683310",
            "create_table_default_permission": [
              {
                "permissions": [
                  "ALL"
                ],
                "principal": [
                  {
                    "data_lake_principal_identifier": "IAM_ALLOWED_PRINCIPALS"
                  }
                ]
              }
            ],
            "description": "",
            "federated_database": [],
            "id": "841162683310:nyc_taxi_processed",
            "location_uri": "",
            "name": "nyc_taxi_processed",
            "parameters": {},
            "tags": {},
            "tags_all": {},
            "target_database": []
          },
          "sensitive_attributes": [],
          "private": "bnVsbA=="
        }
      ]
    },
    {
      "mode": "managed",
      "type": "aws_glue_crawler",
      "name": "processed_zone",
      "provider": "provider[\"registry.terraform.io/hashicorp/aws\"]",
      "instances": [
        {
          "schema_version": 0,
          "attributes": {
            "arn": "arn:aws:glue:us-east-1:841162683310:crawler/processed-zone-crawler",
            "catalog_target": [],
            "classifiers": [],
            "configuration": "{\"Version\":1.0,\"CrawlerOutput\":{\"Partitions\":{\"AddOrUpdateBehavior\":\"InheritFromTable\"},\"Tables\":{\"AddOrUpdateBehavior\":\"MergeNewColumns\"}},\"Grouping\":{\"TableGroupingPolicy\":\"CombineCompatibleSchemas\"}}",
            "database_name": "nyc_taxi_processed",
            "delta_target": [],
            "description": "",
            "dynamodb_target": [],
            "hudi_target": [],
            "iceberg_target": [],
            "id": "processed-zone-crawler",
            "jdbc_target": [],
            "lake_formation_configuration": [
              {
                "account_id": "",
                "use_lake_formation_credentials": false
              }
            ],
            "lineage_configuration": [
              {
                "crawler_lineage_settings": "DISABLE"
              }
            ],
            "mongodb_target": [],
            "name": "processed-zone-crawler",
            "recrawl_policy": [
              {
                "recrawl_behavior": "CRAWL_EVERYTHING"
              }
            ],
            "role": "GlueETLRole",
            "s3_target": [
              {
                "connection_name": "",
                "dlq_event_queue_arn": "",
                "event_queue_arn": "",
                "exclusions": [
                  "**.py",
                  "**/_SUCCESS",
                  "**/.DS_Store"
                ],
                "path": "s3://demo-lakehouse-processed-zone/nyc-taxi-processed",
                "sample_size": 0
              }
            ],
            "schedule": "",
            "schema_change_policy": [
              {
                "delete_behavior": "LOG",
                "update_behavior": "UPDATE_IN_DATABASE"
              }
            ],
            "security_configuration": "",
            "table_prefix": "",
            "tags": {},
            "tags_all": {}
          },
          "sensitive_attributes": [],
          "private": "bnVsbA==",
          "dependencies": [
            "aws_glue_catalog_database.nyc_taxi_processed",
            "aws_iam_role.glue_role",
            "aws_s3_bucket.processed_zone"
          ]
        }
      ]
    },
    {
      "mode": "managed",
      "type": "aws_glue_crawler",
      "name": "raw_zone",
      "provider": "provider[\"registry.terraform.io/hashicorp/aws\"]",
      "instances": [
        {
          "schema_version": 0,
          "attributes": {
            "arn": "arn:aws:glue:us-east-1:841162683310:crawler/raw-zone-crawler",
            "catalog_target": [],
            "classifiers": [],
            "configuration": "{\"Version\":1.0,\"CrawlerOutput\":{\"Partitions\":{\"AddOrUpdateBehavior\":\"InheritFromTable\"},\"Tables\":{\"AddOrUpdateBehavior\":\"MergeNewColumns\"}},\"Grouping\":{\"TableGroupingPolicy\":\"CombineCompatibleSchemas\"}}",
            "database_name": "nyc_taxi_raw",
            "delta_target": [],
            "description": "",
            "dynamodb_target": [],
            "hudi_target": [],
            "iceberg_target": [],
            "id": "raw-zone-crawler",
            "jdbc_target": [],
            "lake_formation_configuration": [
              {
                "account_id": "",
                "use_lake_formation_credentials": false
              }
            ],
            "lineage_configuration": [
              {
                "crawler_lineage_settings": "DISABLE"
              }
            ],
            "mongodb_target": [],
            "name": "raw-zone-crawler",
            "recrawl_policy": [
              {
                "recrawl_behavior": "CRAWL_EVERYTHING"
              }
            ],
            "role": "GlueETLRole",
            "s3_target": [
              {
                "connection_name": "",
                "dlq_event_queue_arn": "",
                "event_queue_arn": "",
                "exclusions": [
                  "**.py",
                  "**/_SUCCESS",
                  "**/.DS_Store"
                ],
                "path": "s3://demo-lakehouse-raw-zone/nyc-taxi",
                "sample_size": 0
              }
            ],
            "schedule": "",
            "schema_change_policy": [
              {
                "delete_behavior": "LOG",
                "update_behavior": "UPDATE_IN_DATABASE"
              }
            ],
            "security_configuration": "",
            "table_prefix": "",
            "tags": {},
            "tags_all": {}
          },
          "sensitive_attributes": [],
          "private": "bnVsbA==",
          "dependencies": [
            "aws_glue_catalog_database.nyc_taxi",
            "aws_iam_role.glue_role",
            "aws_s3_bucket.raw_zone"
          ]
        }
      ]
    },
    {
      "mode": "managed",
      "type": "aws_glue_job",
      "name": "raw_to_processed",
      "provider": "provider[\"registry.terraform.io/hashicorp/aws\"]",
      "instances": [
        {
          "schema_version": 0,
          "attributes": {
            "arn": "arn:aws:glue:us-east-1:841162683310:job/raw-to-processed-zone",
            "command": [
              {
                "name": "glueetl",
                "python_version": "3",
                "runtime": "",
                "script_location": "s3://demo-lakehouse-raw-zone/scripts/raw_to_processed.py"
              }
            ],
            "connections": [],
            "default_arguments": {
              "--TempDir": "s3://demo-lakehouse-raw-zone/temporary/",
              "--additional-python-modules": "boto3==1.26.137",
              "--continuous-log-logGroup": "/aws-glue/jobs",
              "--destination_bucket": "demo-lakehouse-processed-zone",
              "--enable-metrics": "",
              "--job-language": "python",
              "--source_bucket": "demo-lakehouse-raw-zone"
            },
            "description": "",
            "execution_class": "",
            "execution_property": [
              {
                "max_concurrent_runs": 1
              }
            ],
            "glue_version": "4.0",
            "id": "raw-to-processed-zone",
            "job_run_queuing_enabled": false,
            "maintenance_window": "",
            "max_capacity": 10,
            "max_retries": 0,
            "name": "raw-to-processed-zone",
            "non_overridable_arguments": {},
            "notification_property": [],
            "number_of_workers": 10,
            "role_arn": "arn:aws:iam::841162683310:role/GlueETLRole",
            "security_configuration": "",
            "tags": {},
            "tags_all": {},
            "timeout": 2880,
            "worker_type": "G.1X"
          },
          "sensitive_attributes": [],
          "private": "bnVsbA==",
          "dependencies": [
            "aws_iam_role.glue_role",
            "aws_s3_bucket.processed_zone",
            "aws_s3_bucket.raw_zone",
            "aws_s3_object.glue_etl_script"
          ]
        }
      ]
    },
    {
      "mode": "managed",
      "type": "aws_glue_trigger",
      "name": "raw_to_processed_trigger",
      "provider": "provider[\"registry.terraform.io/hashicorp/aws\"]",
      "instances": [
        {
          "schema_version": 0,
          "attributes": {
            "actions": [
              {
                "arguments": {},
                "crawler_name": "",
                "job_name": "raw-to-processed-zone",
                "notification_property": [],
                "security_configuration": "",
                "timeout": 0
              }
            ],
            "arn": "arn:aws:glue:us-east-1:841162683310:trigger/raw-to-processed-trigger",
            "description": "",
            "enabled": true,
            "event_batching_condition": [],
            "id": "raw-to-processed-trigger",
            "name": "raw-to-processed-trigger",
            "predicate": [],
            "schedule": "cron(0 0 * * ? *)",
            "start_on_creation": null,
            "state": "ACTIVATED",
            "tags": {},
            "tags_all": {},
            "timeouts": null,
            "type": "SCHEDULED",
            "workflow_name": ""
          },
          "sensitive_attributes": [],
          "private": "eyJlMmJmYjczMC1lY2FhLTExZTYtOGY4OC0zNDM2M2JjN2M0YzAiOnsiY3JlYXRlIjozMDAwMDAwMDAwMDAsImRlbGV0ZSI6MzAwMDAwMDAwMDAwLCJ1cGRhdGUiOjMwMDAwMDAwMDAwMH19",
          "dependencies": [
            "aws_glue_job.raw_to_processed",
            "aws_iam_role.glue_role",
            "aws_s3_bucket.processed_zone",
            "aws_s3_bucket.raw_zone",
            "aws_s3_object.glue_etl_script",
            "data.local_file.etl_script"
          ]
        }
      ]
    },
    {
      "mode": "managed",
      "type": "aws_iam_role",
      "name": "glue_role",
      "provider": "provider[\"registry.terraform.io/hashicorp/aws\"]",
      "instances": [
        {
          "schema_version": 0,
          "attributes": {
            "arn": "arn:aws:iam::841162683310:role/GlueETLRole",
            "assume_role_policy": "{\"Statement\":[{\"Action\":\"sts:AssumeRole\",\"Effect\":\"Allow\",\"Principal\":{\"Service\":\"glue.amazonaws.com\"}}],\"Version\":\"2012-10-17\"}",
            "create_date": "2024-12-16T21:20:30Z",
            "description": "",
            "force_detach_policies": false,
            "id": "GlueETLRole",
            "inline_policy": [
              {
                "name": "GlueS3Policy",
                "policy": "{\"Version\":\"2012-10-17\",\"Statement\":[{\"Action\":[\"s3:GetObject\",\"s3:PutObject\",\"s3:DeleteObject\",\"s3:ListBucket\"],\"Effect\":\"Allow\",\"Resource\":[\"arn:aws:s3:::demo-lakehouse-raw-zone\",\"arn:aws:s3:::demo-lakehouse-raw-zone/*\",\"arn:aws:s3:::demo-lakehouse-processed-zone\",\"arn:aws:s3:::demo-lakehouse-processed-zone/*\"]}]}"
              }
            ],
            "managed_policy_arns": [
              "arn:aws:iam::aws:policy/service-role/AWSGlueServiceRole"
            ],
            "max_session_duration": 3600,
            "name": "GlueETLRole",
            "name_prefix": "",
            "path": "/",
            "permissions_boundary": "",
            "tags": {},
            "tags_all": {},
            "unique_id": "AROA4HWJT6OXFDC7BNN4C"
          },
          "sensitive_attributes": [],
          "private": "bnVsbA=="
        }
      ]
    },
    {
      "mode": "managed",
      "type": "aws_iam_role_policy",
      "name": "glue_s3",
      "provider": "provider[\"registry.terraform.io/hashicorp/aws\"]",
      "instances": [
        {
          "schema_version": 0,
          "attributes": {
            "id": "GlueETLRole:GlueS3Policy",
            "name": "GlueS3Policy",
            "name_prefix": "",
            "policy": "{\"Version\":\"2012-10-17\",\"Statement\":[{\"Action\":[\"s3:GetObject\",\"s3:PutObject\",\"s3:DeleteObject\",\"s3:ListBucket\"],\"Effect\":\"Allow\",\"Resource\":[\"arn:aws:s3:::demo-lakehouse-raw-zone\",\"arn:aws:s3:::demo-lakehouse-raw-zone/*\",\"arn:aws:s3:::demo-lakehouse-processed-zone\",\"arn:aws:s3:::demo-lakehouse-processed-zone/*\"]}]}",
            "role": "GlueETLRole"
          },
          "sensitive_attributes": [],
          "private": "bnVsbA==",
          "dependencies": [
            "aws_iam_role.glue_role",
            "aws_s3_bucket.processed_zone",
            "aws_s3_bucket.raw_zone"
          ]
        }
      ]
    },
    {
      "mode": "managed",
      "type": "aws_iam_role_policy",
      "name": "glue_s3_policy",
      "provider": "provider[\"registry.terraform.io/hashicorp/aws\"]",
      "instances": [
        {
          "schema_version": 0,
          "attributes": {
            "id": "GlueETLRole:GlueS3Policy",
            "name": "GlueS3Policy",
            "name_prefix": "",
            "policy": "{\"Version\":\"2012-10-17\",\"Statement\":[{\"Action\":[\"s3:GetObject\",\"s3:PutObject\",\"s3:DeleteObject\",\"s3:ListBucket\"],\"Effect\":\"Allow\",\"Resource\":[\"arn:aws:s3:::demo-lakehouse-raw-zone\",\"arn:aws:s3:::demo-lakehouse-raw-zone/*\",\"arn:aws:s3:::demo-lakehouse-processed-zone\",\"arn:aws:s3:::demo-lakehouse-processed-zone/*\",\"arn:aws:s3:::demo-lakehouse-curated-zone\",\"arn:aws:s3:::demo-lakehouse-curated-zone/*\"]}]}",
            "role": "GlueETLRole"
          },
          "sensitive_attributes": [],
          "private": "bnVsbA==",
          "dependencies": [
            "aws_iam_role.glue_role",
            "aws_s3_bucket.curated_zone",
            "aws_s3_bucket.processed_zone",
            "aws_s3_bucket.raw_zone"
          ]
        }
      ]
    },
    {
      "mode": "managed",
      "type": "aws_iam_role_policy_attachment",
      "name": "glue_service",
      "provider": "provider[\"registry.terraform.io/hashicorp/aws\"]",
      "instances": [
        {
          "schema_version": 0,
          "attributes": {
            "id": "GlueETLRole-20241216212030721700000001",
            "policy_arn": "arn:aws:iam::aws:policy/service-role/AWSGlueServiceRole",
            "role": "GlueETLRole"
          },
          "sensitive_attributes": [],
          "private": "bnVsbA==",
          "dependencies": [
            "aws_iam_role.glue_role"
          ]
        }
      ]
    },
    {
      "mode": "managed",
      "type": "aws_lambda_function",
      "name": "api_to_s3",
      "provider": "provider[\"registry.terraform.io/hashicorp/aws\"]",
      "instances": [
        {
          "schema_version": 0,
          "attributes": {
            "architectures": [
              "x86_64"
            ],
            "arn": "arn:aws:lambda:us-east-1:841162683310:function:apiToS3",
            "code_sha256": "hRUsQuFk1NuCfu6fNUSReUMVxPJDP6Hc5vpF1WzoskQ=",
            "code_signing_config_arn": "",
            "dead_letter_config": [],
            "description": "",
            "environment": [],
            "ephemeral_storage": [
              {
                "size": 512
              }
            ],
            "file_system_config": [],
            "filename": null,
            "function_name": "apiToS3",
            "handler": "lambda_function.lambda_handler",
            "id": "apiToS3",
            "image_config": [],
            "image_uri": "",
            "invoke_arn": "arn:aws:apigateway:us-east-1:lambda:path/2015-03-31/functions/arn:aws:lambda:us-east-1:841162683310:function:apiToS3/invocations",
            "kms_key_arn": "",
            "last_modified": "2024-12-19T18:49:40.000+0000",
            "layers": [
              "arn:aws:lambda:us-east-1:615299751070:layer:AWSOpenTelemetryDistroPython:5"
            ],
            "logging_config": [
              {
                "application_log_level": "",
                "log_format": "Text",
                "log_group": "/aws/lambda/apiToS3",
                "system_log_level": ""
              }
            ],
            "memory_size": 128,
            "package_type": "Zip",
            "publish": null,
            "qualified_arn": "arn:aws:lambda:us-east-1:841162683310:function:apiToS3:$LATEST",
            "qualified_invoke_arn": "arn:aws:apigateway:us-east-1:lambda:path/2015-03-31/functions/arn:aws:lambda:us-east-1:841162683310:function:apiToS3:$LATEST/invocations",
            "replace_security_groups_on_destroy": null,
            "replacement_security_group_ids": null,
            "reserved_concurrent_executions": -1,
            "role": "arn:aws:iam::841162683310:role/service-role/apiToS3-role-3yrkgyi3",
            "runtime": "python3.13",
            "s3_bucket": null,
            "s3_key": null,
            "s3_object_version": null,
            "signing_job_arn": "",
            "signing_profile_version_arn": "",
            "skip_destroy": false,
            "snap_start": [],
            "source_code_hash": "",
            "source_code_size": 635,
            "tags": {},
            "tags_all": {},
            "timeout": 3,
            "timeouts": null,
            "tracing_config": [
              {
                "mode": "PassThrough"
              }
            ],
            "version": "$LATEST",
            "vpc_config": []
          },
          "sensitive_attributes": [],
          "private": "eyJlMmJmYjczMC1lY2FhLTExZTYtOGY4OC0zNDM2M2JjN2M0YzAiOnsiY3JlYXRlIjo2MDAwMDAwMDAwMDAsImRlbGV0ZSI6NjAwMDAwMDAwMDAwLCJ1cGRhdGUiOjYwMDAwMDAwMDAwMH0sInNjaGVtYV92ZXJzaW9uIjoiMCJ9"
        }
      ]
    },
    {
      "mode": "managed",
      "type": "aws_s3_bucket",
      "name": "curated_zone",
      "provider": "provider[\"registry.terraform.io/hashicorp/aws\"]",
      "instances": [
        {
          "schema_version": 0,
          "attributes": {
            "acceleration_status": "",
            "acl": null,
            "arn": "arn:aws:s3:::demo-lakehouse-curated-zone",
            "bucket": "demo-lakehouse-curated-zone",
            "bucket_domain_name": "demo-lakehouse-curated-zone.s3.amazonaws.com",
            "bucket_prefix": "",
            "bucket_regional_domain_name": "demo-lakehouse-curated-zone.s3.us-east-1.amazonaws.com",
            "cors_rule": [],
            "force_destroy": false,
            "grant": [
              {
                "id": "596427a2dfcb97c0affc41d6c73ebbea247e687310be6aa746ab0296f62aec3b",
                "permissions": [
                  "FULL_CONTROL"
                ],
                "type": "CanonicalUser",
                "uri": ""
              }
            ],
            "hosted_zone_id": "Z3AQBSTGFYJSTF",
            "id": "demo-lakehouse-curated-zone",
            "lifecycle_rule": [],
            "logging": [],
            "object_lock_configuration": [],
            "object_lock_enabled": false,
            "policy": "",
            "region": "us-east-1",
            "replication_configuration": [],
            "request_payer": "BucketOwner",
            "server_side_encryption_configuration": [
              {
                "rule": [
                  {
                    "apply_server_side_encryption_by_default": [
                      {
                        "kms_master_key_id": "",
                        "sse_algorithm": "AES256"
                      }
                    ],
                    "bucket_key_enabled": false
                  }
                ]
              }
            ],
            "tags": {},
            "tags_all": {},
            "timeouts": null,
            "versioning": [
              {
                "enabled": false,
                "mfa_delete": false
              }
            ],
            "website": [],
            "website_domain": null,
            "website_endpoint": null
          },
          "sensitive_attributes": [],
          "private": "eyJlMmJmYjczMC1lY2FhLTExZTYtOGY4OC0zNDM2M2JjN2M0YzAiOnsiY3JlYXRlIjoxMjAwMDAwMDAwMDAwLCJkZWxldGUiOjM2MDAwMDAwMDAwMDAsInJlYWQiOjEyMDAwMDAwMDAwMDAsInVwZGF0ZSI6MTIwMDAwMDAwMDAwMH19"
        }
      ]
    },
    {
      "mode": "managed",
      "type": "aws_s3_bucket",
      "name": "processed_zone",
      "provider": "provider[\"registry.terraform.io/hashicorp/aws\"]",
      "instances": [
        {
          "schema_version": 0,
          "attributes": {
            "acceleration_status": "",
            "acl": null,
            "arn": "arn:aws:s3:::demo-lakehouse-processed-zone",
            "bucket": "demo-lakehouse-processed-zone",
            "bucket_domain_name": "demo-lakehouse-processed-zone.s3.amazonaws.com",
            "bucket_prefix": "",
            "bucket_regional_domain_name": "demo-lakehouse-processed-zone.s3.us-east-1.amazonaws.com",
            "cors_rule": [],
            "force_destroy": false,
            "grant": [
              {
                "id": "596427a2dfcb97c0affc41d6c73ebbea247e687310be6aa746ab0296f62aec3b",
                "permissions": [
                  "FULL_CONTROL"
                ],
                "type": "CanonicalUser",
                "uri": ""
              }
            ],
            "hosted_zone_id": "Z3AQBSTGFYJSTF",
            "id": "demo-lakehouse-processed-zone",
            "lifecycle_rule": [
              {
                "abort_incomplete_multipart_upload_days": 0,
                "enabled": true,
                "expiration": [],
                "id": "archive_old_data",
                "noncurrent_version_expiration": [],
                "noncurrent_version_transition": [],
                "prefix": "",
                "tags": {},
                "transition": [
                  {
                    "date": "",
                    "days": 60,
                    "storage_class": "INTELLIGENT_TIERING"
                  }
                ]
              }
            ],
            "logging": [],
            "object_lock_configuration": [],
            "object_lock_enabled": false,
            "policy": "",
            "region": "us-east-1",
            "replication_configuration": [],
            "request_payer": "BucketOwner",
            "server_side_encryption_configuration": [
              {
                "rule": [
                  {
                    "apply_server_side_encryption_by_default": [
                      {
                        "kms_master_key_id": "",
                        "sse_algorithm": "AES256"
                      }
                    ],
                    "bucket_key_enabled": false
                  }
                ]
              }
            ],
            "tags": {},
            "tags_all": {},
            "timeouts": null,
            "versioning": [
              {
                "enabled": false,
                "mfa_delete": false
              }
            ],
            "website": [],
            "website_domain": null,
            "website_endpoint": null
          },
          "sensitive_attributes": [],
          "private": "eyJlMmJmYjczMC1lY2FhLTExZTYtOGY4OC0zNDM2M2JjN2M0YzAiOnsiY3JlYXRlIjoxMjAwMDAwMDAwMDAwLCJkZWxldGUiOjM2MDAwMDAwMDAwMDAsInJlYWQiOjEyMDAwMDAwMDAwMDAsInVwZGF0ZSI6MTIwMDAwMDAwMDAwMH19"
        }
      ]
    },
    {
      "mode": "managed",
      "type": "aws_s3_bucket",
      "name": "raw_zone",
      "provider": "provider[\"registry.terraform.io/hashicorp/aws\"]",
      "instances": [
        {
          "schema_version": 0,
          "attributes": {
            "acceleration_status": "",
            "acl": null,
            "arn": "arn:aws:s3:::demo-lakehouse-raw-zone",
            "bucket": "demo-lakehouse-raw-zone",
            "bucket_domain_name": "demo-lakehouse-raw-zone.s3.amazonaws.com",
            "bucket_prefix": "",
            "bucket_regional_domain_name": "demo-lakehouse-raw-zone.s3.us-east-1.amazonaws.com",
            "cors_rule": [],
            "force_destroy": false,
            "grant": [
              {
                "id": "596427a2dfcb97c0affc41d6c73ebbea247e687310be6aa746ab0296f62aec3b",
                "permissions": [
                  "FULL_CONTROL"
                ],
                "type": "CanonicalUser",
                "uri": ""
              }
            ],
            "hosted_zone_id": "Z3AQBSTGFYJSTF",
            "id": "demo-lakehouse-raw-zone",
            "lifecycle_rule": [
              {
                "abort_incomplete_multipart_upload_days": 0,
                "enabled": true,
                "expiration": [
                  {
                    "date": "",
                    "days": 90,
                    "expired_object_delete_marker": false
                  }
                ],
                "id": "cleanup_old_data",
                "noncurrent_version_expiration": [],
                "noncurrent_version_transition": [],
                "prefix": "",
                "tags": {},
                "transition": [
                  {
                    "date": "",
                    "days": 30,
                    "storage_class": "INTELLIGENT_TIERING"
                  }
                ]
              }
            ],
            "logging": [],
            "object_lock_configuration": [],
            "object_lock_enabled": false,
            "policy": "",
            "region": "us-east-1",
            "replication_configuration": [],
            "request_payer": "BucketOwner",
            "server_side_encryption_configuration": [
              {
                "rule": [
                  {
                    "apply_server_side_encryption_by_default": [
                      {
                        "kms_master_key_id": "",
                        "sse_algorithm": "AES256"
                      }
                    ],
                    "bucket_key_enabled": false
                  }
                ]
              }
            ],
            "tags": {},
            "tags_all": {},
            "timeouts": null,
            "versioning": [
              {
                "enabled": true,
                "mfa_delete": false
              }
            ],
            "website": [],
            "website_domain": null,
            "website_endpoint": null
          },
          "sensitive_attributes": [],
          "private": "eyJlMmJmYjczMC1lY2FhLTExZTYtOGY4OC0zNDM2M2JjN2M0YzAiOnsiY3JlYXRlIjoxMjAwMDAwMDAwMDAwLCJkZWxldGUiOjM2MDAwMDAwMDAwMDAsInJlYWQiOjEyMDAwMDAwMDAwMDAsInVwZGF0ZSI6MTIwMDAwMDAwMDAwMH19"
        }
      ]
    },
    {
      "mode": "managed",
      "type": "aws_s3_bucket_lifecycle_configuration",
      "name": "processed_lifecycle",
      "provider": "provider[\"registry.terraform.io/hashicorp/aws\"]",
      "instances": [
        {
          "schema_version": 0,
          "attributes": {
            "bucket": "demo-lakehouse-processed-zone",
            "expected_bucket_owner": "",
            "id": "demo-lakehouse-processed-zone",
            "rule": [
              {
                "abort_incomplete_multipart_upload": [],
                "expiration": [],
                "filter": [
                  {
                    "and": [],
                    "object_size_greater_than": "",
                    "object_size_less_than": "",
                    "prefix": "",
                    "tag": []
                  }
                ],
                "id": "archive_old_data",
                "noncurrent_version_expiration": [],
                "noncurrent_version_transition": [],
                "prefix": "",
                "status": "Enabled",
                "transition": [
                  {
                    "date": "",
                    "days": 60,
                    "storage_class": "INTELLIGENT_TIERING"
                  }
                ]
              }
            ],
            "timeouts": null,
            "transition_default_minimum_object_size": "all_storage_classes_128K"
          },
          "sensitive_attributes": [],
          "private": "eyJlMmJmYjczMC1lY2FhLTExZTYtOGY4OC0zNDM2M2JjN2M0YzAiOnsiY3JlYXRlIjoxODAwMDAwMDAwMDAsInVwZGF0ZSI6MTgwMDAwMDAwMDAwfX0=",
          "dependencies": [
            "aws_s3_bucket.processed_zone"
          ]
        }
      ]
    },
    {
      "mode": "managed",
      "type": "aws_s3_bucket_lifecycle_configuration",
      "name": "raw_lifecycle",
      "provider": "provider[\"registry.terraform.io/hashicorp/aws\"]",
      "instances": [
        {
          "schema_version": 0,
          "attributes": {
            "bucket": "demo-lakehouse-raw-zone",
            "expected_bucket_owner": "",
            "id": "demo-lakehouse-raw-zone",
            "rule": [
              {
                "abort_incomplete_multipart_upload": [],
                "expiration": [
                  {
                    "date": "",
                    "days": 90,
                    "expired_object_delete_marker": false
                  }
                ],
                "filter": [
                  {
                    "and": [],
                    "object_size_greater_than": "",
                    "object_size_less_than": "",
                    "prefix": "",
                    "tag": []
                  }
                ],
                "id": "cleanup_old_data",
                "noncurrent_version_expiration": [],
                "noncurrent_version_transition": [],
                "prefix": "",
                "status": "Enabled",
                "transition": [
                  {
                    "date": "",
                    "days": 30,
                    "storage_class": "INTELLIGENT_TIERING"
                  }
                ]
              }
            ],
            "timeouts": null,
            "transition_default_minimum_object_size": "all_storage_classes_128K"
          },
          "sensitive_attributes": [],
          "private": "eyJlMmJmYjczMC1lY2FhLTExZTYtOGY4OC0zNDM2M2JjN2M0YzAiOnsiY3JlYXRlIjoxODAwMDAwMDAwMDAsInVwZGF0ZSI6MTgwMDAwMDAwMDAwfX0=",
          "dependencies": [
            "aws_s3_bucket.raw_zone"
          ]
        }
      ]
    },
    {
      "mode": "managed",
      "type": "aws_s3_bucket_versioning",
      "name": "raw_versioning",
      "provider": "provider[\"registry.terraform.io/hashicorp/aws\"]",
      "instances": [
        {
          "schema_version": 0,
          "attributes": {
            "bucket": "demo-lakehouse-raw-zone",
            "expected_bucket_owner": "",
            "id": "demo-lakehouse-raw-zone",
            "mfa": null,
            "versioning_configuration": [
              {
                "mfa_delete": "",
                "status": "Enabled"
              }
            ]
          },
          "sensitive_attributes": [],
          "private": "bnVsbA==",
          "dependencies": [
            "aws_s3_bucket.raw_zone"
          ]
        }
      ]
    },
    {
      "mode": "managed",
      "type": "aws_s3_object",
      "name": "glue_etl_script",
      "provider": "provider[\"registry.terraform.io/hashicorp/aws\"]",
      "instances": [
        {
          "schema_version": 0,
          "attributes": {
            "acl": null,
            "arn": "arn:aws:s3:::demo-lakehouse-raw-zone/scripts/raw_to_processed.py",
            "bucket": "demo-lakehouse-raw-zone",
            "bucket_key_enabled": false,
            "cache_control": "",
            "checksum_algorithm": null,
            "checksum_crc32": "",
            "checksum_crc32c": "",
            "checksum_sha1": "",
            "checksum_sha256": "",
            "content": "import sys\nfrom awsglue.transforms import *\nfrom awsglue.utils import getResolvedOptions\nfrom pyspark.context import SparkContext\nfrom awsglue.context import GlueContext\nfrom awsglue.job import Job\nimport boto3\nfrom pyspark.sql import DataFrame\nargs = getResolvedOptions(sys.argv, ['source_bucket', 'destination_bucket'])\nsc = SparkContext()\nglueContext = GlueContext(sc)\nspark = glueContext.spark_session\njob = Job(glueContext)\n# Read from source\ndatasource = glueContext.create_dynamic_frame.from_options(\n    connection_type=\"s3\",\n    connection_options={\n        \"paths\": [f\"s3://{args['source_bucket']}/nyc-taxi/\"], \n        \"recurse\": True  \n    },\n    format=\"parquet\" \n)\n \ndf = datasource.toDF()\ntemp_output_path = f\"s3://{args['destination_bucket']}/temp_output/\"\n \ndf.coalesce(1).write.mode(\"overwrite\").parquet(temp_output_path)\n \ns3_client = boto3.client('s3')\nbucket_name = args['destination_bucket']\n \nresponse = s3_client.list_objects_v2(Bucket=bucket_name, Prefix=\"temp_output/\")\nfor obj in response.get('Contents', []):\n    if obj['Key'].endswith(\".parquet\"):  \n        source_key = obj['Key']\n        break\n \nfinal_output_key = \"nyc-taxi-processed/nyc-taxi-data.parquet\"\n \ns3_client.copy_object(\n    Bucket=bucket_name,\n    CopySource={'Bucket': bucket_name, 'Key': source_key},\n    Key=final_output_key\n)\n \n# Delete the temporary files\ns3_client.delete_object(Bucket=bucket_name, Key=source_key)\n \njob.commit()",
            "content_base64": null,
            "content_disposition": "",
            "content_encoding": "",
            "content_language": "",
            "content_type": "application/octet-stream; charset=UTF-8",
            "etag": "7da11879f0e477b4a812ead28e295891",
            "force_destroy": false,
            "id": "scripts/raw_to_processed.py",
            "key": "scripts/raw_to_processed.py",
            "kms_key_id": null,
            "metadata": {},
            "object_lock_legal_hold_status": "",
            "object_lock_mode": "",
            "object_lock_retain_until_date": "",
            "override_provider": [],
            "server_side_encryption": "AES256",
            "source": null,
            "source_hash": null,
            "storage_class": "STANDARD",
            "tags": {},
            "tags_all": {},
            "version_id": "n5ri5iH0ZghiuTAYB0QnIkTnu1EuiPvK",
            "website_redirect": ""
          },
          "sensitive_attributes": [],
          "private": "bnVsbA==",
          "dependencies": [
            "aws_s3_bucket.raw_zone",
            "data.local_file.etl_script"
          ]
        }
      ]
    }
  ],
  "check_results": null
}
